{
  "version": 4,
  "terraform_version": "0.12.0",
  "serial": 50,
  "lineage": "16f6f6be-1095-d0d8-ad59-f37222bd1ad3",
  "outputs": {
    "REPLACE_ME_CODEBUILD_ROLE_ARN": {
      "value": "arn:aws:iam::804524942427:role/KCHMatumainiServiceCodeBuildServiceRole",
      "type": "string"
    },
    "REPLACE_ME_CODEPIPELINE_ROLE_ARN": {
      "value": "arn:aws:iam::804524942427:role/KCHMatumainiServiceCodePipelineServiceRole",
      "type": "string"
    },
    "REPLACE_ME_ECS_SERVICE_ROLE_ARN": {
      "value": "arn:aws:iam::804524942427:role/EcsServiceRole",
      "type": "string"
    },
    "REPLACE_ME_ECS_TASK_ROLE_ARN": {
      "value": "arn:aws:iam::804524942427:role/ECSTaskRole",
      "type": "string"
    },
    "REPLACE_ME_PRIVATE_SUBNET_ONE": {
      "value": "subnet-0d56c1737f5537904",
      "type": "string"
    },
    "REPLACE_ME_PRIVATE_SUBNET_TWO": {
      "value": "subnet-0d53f402e685362f2",
      "type": "string"
    },
    "REPLACE_ME_PUBLIC_SUBNET_ONE": {
      "value": "subnet-02e5d79c6ff5a66d8",
      "type": "string"
    },
    "REPLACE_ME_PUBLIC_SUBNET_TWO": {
      "value": "subnet-0012aa127fbd6b4d4",
      "type": "string"
    },
    "REPLACE_ME_SECURITY_GROUP_ID": {
      "value": "sg-044d12fe94036dfb4",
      "type": "string"
    },
    "REPLACE_ME_VPC_ID": {
      "value": "vpc-03b787aa9c6fd1706",
      "type": "string"
    }
  },
  "resources": [
    {
      "mode": "data",
      "type": "aws_availability_zones",
      "name": "AZ",
      "provider": "provider.aws",
      "instances": [
        {
          "schema_version": 0,
          "attributes": {
            "blacklisted_names": null,
            "blacklisted_zone_ids": null,
            "id": "2020-01-21 17:59:44.885665 +0000 UTC",
            "names": [
              "us-east-1a",
              "us-east-1b",
              "us-east-1c",
              "us-east-1d",
              "us-east-1e",
              "us-east-1f"
            ],
            "state": null,
            "zone_ids": [
              "use1-az4",
              "use1-az6",
              "use1-az1",
              "use1-az2",
              "use1-az3",
              "use1-az5"
            ]
          }
        }
      ]
    },
    {
      "mode": "data",
      "type": "aws_billing_service_account",
      "name": "Account",
      "provider": "provider.aws",
      "instances": [
        {
          "schema_version": 0,
          "attributes": {
            "arn": "arn:aws:iam::386209384616:root",
            "id": "386209384616"
          }
        }
      ]
    },
    {
      "mode": "data",
      "type": "aws_iam_role",
      "name": "CodeBuildRef",
      "provider": "provider.aws",
      "instances": [
        {
          "schema_version": 0,
          "attributes": {
            "arn": "arn:aws:iam::804524942427:role/KCHMatumainiServiceCodeBuildServiceRole",
            "assume_role_policy": "{\"Version\":\"2012-10-17\",\"Statement\":[{\"Effect\":\"Allow\",\"Principal\":{\"Service\":\"codebuild.amazonaws.com\"},\"Action\":\"sts:AssumeRole\"}]}",
            "assume_role_policy_document": null,
            "create_date": "2020-01-21T18:00:05Z",
            "description": "",
            "id": "KCHMatumainiServiceCodeBuildServiceRole",
            "max_session_duration": 3600,
            "name": "KCHMatumainiServiceCodeBuildServiceRole",
            "path": "/",
            "permissions_boundary": "",
            "role_id": null,
            "role_name": null,
            "unique_id": "AROA3WULMMRNRTYQCF35I"
          },
          "depends_on": [
            "aws_iam_role.KCHMatumainiServiceCodeBuildServiceRole"
          ]
        }
      ]
    },
    {
      "mode": "data",
      "type": "aws_iam_role",
      "name": "CodePipelineRef",
      "provider": "provider.aws",
      "instances": [
        {
          "schema_version": 0,
          "attributes": {
            "arn": "arn:aws:iam::804524942427:role/KCHMatumainiServiceCodePipelineServiceRole",
            "assume_role_policy": "{\"Version\":\"2012-10-17\",\"Statement\":[{\"Effect\":\"Allow\",\"Principal\":{\"Service\":\"codepipeline.amazonaws.com\"},\"Action\":\"sts:AssumeRole\"}]}",
            "assume_role_policy_document": null,
            "create_date": "2020-01-21T18:00:04Z",
            "description": "",
            "id": "KCHMatumainiServiceCodePipelineServiceRole",
            "max_session_duration": 3600,
            "name": "KCHMatumainiServiceCodePipelineServiceRole",
            "path": "/",
            "permissions_boundary": "",
            "role_id": null,
            "role_name": null,
            "unique_id": "AROA3WULMMRNQZN2EBYEK"
          },
          "depends_on": [
            "aws_iam_role.KCHMatumainiServiceCodePipelineServiceRole"
          ]
        }
      ]
    },
    {
      "mode": "data",
      "type": "aws_region",
      "name": "AWSRegion",
      "provider": "provider.aws",
      "instances": [
        {
          "schema_version": 0,
          "attributes": {
            "current": null,
            "description": "US East (N. Virginia)",
            "endpoint": "ec2.us-east-1.amazonaws.com",
            "id": "us-east-1",
            "name": "us-east-1"
          }
        }
      ]
    },
    {
      "mode": "data",
      "type": "aws_s3_bucket",
      "name": "AppCodeBucketRef",
      "provider": "provider.aws",
      "instances": []
    },
    {
      "mode": "managed",
      "type": "aws_cloudwatch_log_group",
      "name": "KCHMatumainiLogGroup",
      "provider": "provider.aws",
      "instances": [
        {
          "schema_version": 0,
          "attributes": {
            "arn": "arn:aws:logs:us-east-1:804524942427:log-group:kchmatumaini-logs:*",
            "id": "kchmatumaini-logs",
            "kms_key_id": "",
            "name": "kchmatumaini-logs",
            "name_prefix": null,
            "retention_in_days": 0,
            "tags": null
          }
        }
      ]
    },
    {
      "mode": "managed",
      "type": "aws_codebuild_project",
      "name": "example",
      "provider": "provider.aws",
      "instances": [
        {
          "schema_version": 0,
          "attributes": {
            "arn": "arn:aws:codebuild:us-east-1:804524942427:project/KCHMatumainiServiceCodeBuildProject",
            "artifacts": [
              {
                "encryption_disabled": false,
                "location": "",
                "name": "",
                "namespace_type": "",
                "packaging": "",
                "path": "",
                "type": "NO_ARTIFACTS"
              }
            ],
            "badge_enabled": false,
            "badge_url": "",
            "build_timeout": 5,
            "cache": [
              {
                "location": "",
                "modes": [],
                "type": "NO_CACHE"
              }
            ],
            "description": "KCH Matumaini App",
            "encryption_key": "arn:aws:kms:us-east-1:804524942427:alias/aws/s3",
            "environment": [
              {
                "certificate": "",
                "compute_type": "BUILD_GENERAL1_SMALL",
                "environment_variable": [
                  {
                    "name": "AWS_ACCOUNT_ID",
                    "type": "PLAINTEXT",
                    "value": "386209384616"
                  },
                  {
                    "name": "AWS_DEFAULT_REGION",
                    "type": "PLAINTEXT",
                    "value": "us-east-1"
                  }
                ],
                "image": "aws/codebuild/python:3.5.2",
                "image_pull_credentials_type": "CODEBUILD",
                "privileged_mode": false,
                "type": "LINUX_CONTAINER"
              }
            ],
            "id": "arn:aws:codebuild:us-east-1:804524942427:project/KCHMatumainiServiceCodeBuildProject",
            "name": "KCHMatumainiServiceCodeBuildProject",
            "secondary_artifacts": [],
            "secondary_sources": [],
            "service_role": "arn:aws:iam::804524942427:role/KCHMatumainiServiceCodeBuildServiceRole",
            "source": [
              {
                "auth": [],
                "buildspec": "",
                "git_clone_depth": null,
                "insecure_ssl": null,
                "location": "https://git-codecommit.us-east-1.amazonaws.com/v1/repos/KCHMatumainiService-Repository",
                "report_build_status": null,
                "type": "CODECOMMIT"
              }
            ],
            "tags": null,
            "vpc_config": []
          },
          "depends_on": [
            "aws_iam_role.KCHMatumainiServiceCodeBuildServiceRole",
            "data.aws_billing_service_account.Account",
            "data.aws_region.AWSRegion"
          ]
        }
      ]
    },
    {
      "mode": "managed",
      "type": "aws_codecommit_repository",
      "name": "AppCodeCommitRepo",
      "provider": "provider.aws",
      "instances": [
        {
          "schema_version": 0,
          "attributes": {
            "arn": "arn:aws:codecommit:us-east-1:804524942427:kch-matumaini-repo",
            "clone_url_http": "https://git-codecommit.us-east-1.amazonaws.com/v1/repos/kch-matumaini-repo",
            "clone_url_ssh": "ssh://git-codecommit.us-east-1.amazonaws.com/v1/repos/kch-matumaini-repo",
            "default_branch": null,
            "description": "App Code Repository",
            "id": "kch-matumaini-repo",
            "repository_id": "8f781e3e-5e20-45c0-84c6-5f3341b97f11",
            "repository_name": "kch-matumaini-repo"
          }
        }
      ]
    },
    {
      "mode": "managed",
      "type": "aws_codepipeline",
      "name": "KCHMatumainiServiceCICDPipeline",
      "provider": "provider.aws",
      "instances": []
    },
    {
      "mode": "managed",
      "type": "aws_dynamodb_table",
      "name": "AppDB",
      "provider": "provider.aws",
      "instances": [
        {
          "schema_version": 1,
          "attributes": {
            "arn": "arn:aws:dynamodb:us-east-1:804524942427:table/KCHMatumainiDB",
            "attribute": [
              {
                "name": "ChildId",
                "type": "S"
              },
              {
                "name": "PrimarySecondary",
                "type": "S"
              },
              {
                "name": "Sponsored",
                "type": "S"
              }
            ],
            "billing_mode": "PROVISIONED",
            "global_secondary_index": [
              {
                "hash_key": "PrimarySecondary",
                "name": "PrimarySecondaryIndex",
                "non_key_attributes": [
                  "ChildId"
                ],
                "projection_type": "INCLUDE",
                "range_key": "ChildId",
                "read_capacity": 5,
                "write_capacity": 5
              },
              {
                "hash_key": "Sponsored",
                "name": "SponsoredIndex",
                "non_key_attributes": [
                  "ChildId"
                ],
                "projection_type": "INCLUDE",
                "range_key": "ChildId",
                "read_capacity": 5,
                "write_capacity": 5
              }
            ],
            "hash_key": "ChildId",
            "id": "KCHMatumainiDB",
            "local_secondary_index": [],
            "name": "KCHMatumainiDB",
            "point_in_time_recovery": [
              {
                "enabled": false
              }
            ],
            "range_key": null,
            "read_capacity": 5,
            "server_side_encryption": [],
            "stream_arn": "",
            "stream_enabled": false,
            "stream_label": "",
            "stream_view_type": "",
            "tags": null,
            "timeouts": null,
            "ttl": [
              {
                "attribute_name": "",
                "enabled": false
              }
            ],
            "write_capacity": 5
          }
        }
      ]
    },
    {
      "mode": "managed",
      "type": "aws_ecr_repository",
      "name": "KCHMatumainiECR",
      "provider": "provider.aws",
      "instances": [
        {
          "schema_version": 0,
          "attributes": {
            "arn": "arn:aws:ecr:us-east-1:804524942427:repository/kchmatumaini/service",
            "id": "kchmatumaini/service",
            "name": "kchmatumaini/service",
            "registry_id": "804524942427",
            "repository_url": "804524942427.dkr.ecr.us-east-1.amazonaws.com/kchmatumaini/service",
            "tags": null,
            "timeouts": null
          }
        }
      ]
    },
    {
      "mode": "managed",
      "type": "aws_ecr_repository_policy",
      "name": "KCHMatumainiECRPolicy",
      "provider": "provider.aws",
      "instances": [
        {
          "schema_version": 0,
          "attributes": {
            "id": "kchmatumaini/service",
            "policy": "{\n  \"Version\" : \"2008-10-17\",\n  \"Statement\" : [ {\n    \"Sid\" : \"AllowPushPull\",\n    \"Effect\" : \"Allow\",\n    \"Principal\" : {\n      \"AWS\" : \"arn:aws:iam::804524942427:role/KCHMatumainiServiceCodeBuildServiceRole\"\n    },\n    \"Action\" : [ \"ecr:GetDownloadUrlForLayer\", \"ecr:BatchGetImage\", \"ecr:BatchCheckLayerAvailability\", \"ecr:PutImage\", \"ecr:InitiateLayerUpload\", \"ecr:UploadLayerPart\", \"ecr:CompleteLayerUpload\" ]\n  } ]\n}",
            "registry_id": "804524942427",
            "repository": "kchmatumaini/service"
          },
          "depends_on": [
            "aws_ecr_repository.KCHMatumainiECR",
            "aws_iam_role.KCHMatumainiServiceCodeBuildServiceRole"
          ]
        }
      ]
    },
    {
      "mode": "managed",
      "type": "aws_ecs_cluster",
      "name": "KCHMatumainiECSCluster",
      "provider": "provider.aws",
      "instances": [
        {
          "schema_version": 0,
          "attributes": {
            "arn": "arn:aws:ecs:us-east-1:804524942427:cluster/KCHMatumaini-Cluster",
            "id": "arn:aws:ecs:us-east-1:804524942427:cluster/KCHMatumaini-Cluster",
            "name": "KCHMatumaini-Cluster",
            "tags": null
          }
        }
      ]
    },
    {
      "mode": "managed",
      "type": "aws_ecs_service",
      "name": "main",
      "provider": "provider.aws",
      "instances": [
        {
          "schema_version": 0,
          "attributes": {
            "cluster": "arn:aws:ecs:us-east-1:804524942427:cluster/KCHMatumaini-Cluster",
            "deployment_controller": [
              {
                "type": "ECS"
              }
            ],
            "deployment_maximum_percent": 200,
            "deployment_minimum_healthy_percent": 100,
            "desired_count": 1,
            "enable_ecs_managed_tags": false,
            "health_check_grace_period_seconds": 0,
            "iam_role": "aws-service-role",
            "id": "arn:aws:ecs:us-east-1:804524942427:service/KCHMatumaini-Service",
            "launch_type": "FARGATE",
            "load_balancer": [
              {
                "container_name": "kchmatumainiservice",
                "container_port": 8080,
                "elb_name": "",
                "target_group_arn": "arn:aws:elasticloadbalancing:us-east-1:804524942427:targetgroup/KCHMatumaini-TG/ce24eceea2d74264"
              }
            ],
            "name": "KCHMatumaini-Service",
            "network_configuration": [
              {
                "assign_public_ip": false,
                "security_groups": [
                  "sg-044d12fe94036dfb4"
                ],
                "subnets": [
                  "subnet-0d53f402e685362f2",
                  "subnet-0d56c1737f5537904"
                ]
              }
            ],
            "ordered_placement_strategy": [],
            "placement_constraints": [],
            "placement_strategy": [],
            "platform_version": "LATEST",
            "propagate_tags": "NONE",
            "scheduling_strategy": "REPLICA",
            "service_registries": [],
            "tags": null,
            "task_definition": "arn:aws:ecs:us-east-1:804524942427:task-definition/kchmatumainiservice:1"
          },
          "depends_on": [
            "aws_ecs_cluster.KCHMatumainiECSCluster",
            "aws_ecs_task_definition.KCHMatumainiECSTaskDef",
            "aws_lb_listener.AppNLBListener",
            "aws_lb_target_group.AppNLBTargetGroup",
            "aws_security_group.FargateContainerSecurityGroup",
            "aws_subnet.PrivateSubnetOne",
            "aws_subnet.PrivateSubnetTwo"
          ]
        }
      ]
    },
    {
      "mode": "managed",
      "type": "aws_ecs_task_definition",
      "name": "KCHMatumainiECSTaskDef",
      "provider": "provider.aws",
      "instances": [
        {
          "schema_version": 1,
          "attributes": {
            "arn": "arn:aws:ecs:us-east-1:804524942427:task-definition/kchmatumainiservice:1",
            "container_definitions": "[{\"cpu\":256,\"environment\":[],\"essential\":true,\"image\":\"image\",\"memory\":512,\"mountPoints\":[],\"name\":\"kchmatumainiservice\",\"portMappings\":[{\"containerPort\":8080,\"hostPort\":8080,\"protocol\":\"tcp\"}],\"volumesFrom\":[]}]",
            "cpu": "256",
            "execution_role_arn": "",
            "family": "kchmatumainiservice",
            "id": "kchmatumainiservice",
            "ipc_mode": null,
            "memory": "512",
            "network_mode": "awsvpc",
            "pid_mode": null,
            "placement_constraints": [],
            "requires_compatibilities": [
              "FARGATE"
            ],
            "revision": 1,
            "tags": null,
            "task_role_arn": "",
            "volume": []
          }
        }
      ]
    },
    {
      "mode": "managed",
      "type": "aws_eip",
      "name": "NatGatewayOneAttachment",
      "provider": "provider.aws",
      "instances": [
        {
          "schema_version": 0,
          "attributes": {
            "allocation_id": null,
            "associate_with_private_ip": null,
            "association_id": "",
            "domain": "vpc",
            "id": "eipalloc-082f87123a06a4271",
            "instance": "",
            "network_interface": "",
            "private_dns": null,
            "private_ip": "",
            "public_dns": "ec2-54-164-231-192.compute-1.amazonaws.com",
            "public_ip": "54.164.231.192",
            "public_ipv4_pool": "amazon",
            "tags": null,
            "timeouts": null,
            "vpc": true
          },
          "depends_on": [
            "aws_internet_gateway.InternetGateway"
          ]
        }
      ]
    },
    {
      "mode": "managed",
      "type": "aws_eip",
      "name": "NatGatewayTwoAttachment",
      "provider": "provider.aws",
      "instances": [
        {
          "schema_version": 0,
          "attributes": {
            "allocation_id": null,
            "associate_with_private_ip": null,
            "association_id": "",
            "domain": "vpc",
            "id": "eipalloc-0b4c3c0a98442c2df",
            "instance": "",
            "network_interface": "",
            "private_dns": null,
            "private_ip": "",
            "public_dns": "ec2-54-85-105-185.compute-1.amazonaws.com",
            "public_ip": "54.85.105.185",
            "public_ipv4_pool": "amazon",
            "tags": null,
            "timeouts": null,
            "vpc": true
          },
          "depends_on": [
            "aws_internet_gateway.InternetGateway"
          ]
        }
      ]
    },
    {
      "mode": "managed",
      "type": "aws_iam_policy",
      "name": "ECSTaskRolePolicy",
      "provider": "provider.aws",
      "instances": [
        {
          "schema_version": 0,
          "attributes": {
            "arn": "arn:aws:iam::804524942427:policy/terraform-20200121180004061200000001",
            "description": "",
            "id": "arn:aws:iam::804524942427:policy/terraform-20200121180004061200000001",
            "name": "terraform-20200121180004061200000001",
            "name_prefix": null,
            "path": "/",
            "policy": "{\n  \"Version\": \"2012-10-17\",\n\t\"Statement\": [\n\t\t{\n\t\t\t\"Effect\": \"Allow\",\n\t\t\t\"Action\": [\n\t\t\t\t\"ecr:GetAuthorizationToken\",\n\t\t\t\t\"ecr:BatchCheckLayerAvailability\",\n\t\t\t\t\"ecr:GetDownloadUrlForLayer\",\n\t\t\t\t\"ecr:BatchGetImage\",\n\t\t\t\t\"logs:CreateLogStream\",\n\t\t\t\t\"logs:CreateLogGroup\",\n\t\t\t\t\"logs:PutLogEvents\"\n\t\t\t],\n\t\t\t\"Resource\": \"*\"\n\t\t},\n\t\t{\n\t\t\t\"Effect\": \"Allow\",\n\t\t\t\"Action\": [\n\t\t\t\t\"dynamodb:Scan\",\n\t\t\t\t\"dynamodb:Query\",\n\t\t\t\t\"dynamodb:UpdateItem\",\n\t\t\t\t\"dynamodb:GetItem\"\n\t\t\t],\n\t\t\t\"Resource\": \"arn:aws:dynamodb:*:*:table/KCHTable*\"\n\t\t}\n\t]\n}\n"
          }
        }
      ]
    },
    {
      "mode": "managed",
      "type": "aws_iam_policy",
      "name": "EcsServiceRolePolicy",
      "provider": "provider.aws",
      "instances": [
        {
          "schema_version": 0,
          "attributes": {
            "arn": "arn:aws:iam::804524942427:policy/ecs-service",
            "description": "",
            "id": "arn:aws:iam::804524942427:policy/ecs-service",
            "name": "ecs-service",
            "name_prefix": null,
            "path": "/",
            "policy": "{\n  \"Version\": \"2012-10-17\",\n  \"Statement\": [\n    {\n      \"Action\": [\n        \"ec2:AttachNetworkInterface\",\n        \"ec2:CreateNetworkInterface\",\n        \"ec2:CreateNetworkInterfacePermission\",\n        \"ec2:DeleteNetworkInterface\",\n        \"ec2:DeleteNetworkInterfacePermission\",\n        \"ec2:Describe*\",\n        \"ec2:DetachNetworkInterface\",\n        \"elasticloadbalancing:DeregisterInstancesFromLoadBalancer\",\n        \"elasticloadbalancing:DeregisterTargets\",\n        \"elasticloadbalancing:Describe*\",\n        \"elasticloadbalancing:RegisterInstancesWithLoadBalancer\",\n        \"elasticloadbalancing:RegisterTargets\",\n        \"iam:PassRole\",\n        \"ecr:GetAuthorizationToken\",\n        \"ecr:BatchCheckLayerAvailability\",\n        \"ecr:GetDownloadUrlForLayer\",\n        \"ecr:BatchGetImage\",\n        \"logs:DescribeLogStreams\",\n        \"logs:CreateLogStream\",\n        \"logs:CreateLogGroup\",\n        \"logs:PutLogEvents\"\n      ],\n      \"Effect\": \"Allow\",\n      \"Resource\": \"*\"\n    }\n  ]\n}\n"
          }
        }
      ]
    },
    {
      "mode": "managed",
      "type": "aws_iam_policy",
      "name": "KCHMatumainiService-CodeBuildServicePolicy",
      "provider": "provider.aws",
      "instances": [
        {
          "schema_version": 0,
          "attributes": {
            "arn": "arn:aws:iam::804524942427:policy/terraform-20200121180005031700000003",
            "description": "",
            "id": "arn:aws:iam::804524942427:policy/terraform-20200121180005031700000003",
            "name": "terraform-20200121180005031700000003",
            "name_prefix": null,
            "path": "/",
            "policy": "{\n  \"Version\": \"2012-10-17\",\n\t\"Statement\": [\n\t\t{\n\t\t\t\"Effect\": \"Allow\",\n\t\t\t\"Action\": [\n\t\t\t\t\"codecommit:ListBranches\",\n\t\t\t\t\"codecommit:ListRepositories\",\n\t\t\t\t\"codecommit:BatchGetRepositories\",\n\t\t\t\t\"codecommit:Get*\",\n\t\t\t\t\"codecommit:GitPull\"\n\t\t\t],\n\t\t\t\"Resource\":\n\n\t\t\t\t\t\"arn:aws:codecommit:us-east-1:386209384616:KCHMatumainiServiceRepository\"\n\t\t},\n\t\t{\n\t\t\t\"Effect\": \"Allow\",\n\t\t\t\"Action\": [\n\t\t\t\t\"logs:CreateLogGroup\",\n\t\t\t\t\"logs:CreateLogStream\",\n\t\t\t\t\"logs:PutLogEvents\"\n\t\t\t],\n\t\t\t\"Resource\": \"*\"\n\t\t},\n\t\t{\n\t\t\t\"Effect\": \"Allow\",\n\t\t\t\"Action\": [\n\t\t\t\t\"s3:PutObject\",\n\t\t\t\t\"s3:GetObject\",\n\t\t\t\t\"s3:GetObjectVersion\",\n\t\t\t\t\"s3:ListBucket\"\n\t\t\t],\n\t\t\t\"Resource\": \"*\"\n\t\t},\n\t\t{\n\t\t\t\"Effect\": \"Allow\",\n\t\t\t\"Action\": [\n\t\t\t\t\"ecr:InitiateLayerUpload\",\n\t\t\t\t\"ecr:GetAuthorizationToken\"\n\t\t\t],\n\t\t\t\"Resource\": \"*\"\n\t\t}\n\t]\n}\n"
          },
          "depends_on": [
            "data.aws_billing_service_account.Account",
            "data.aws_region.AWSRegion"
          ]
        }
      ]
    },
    {
      "mode": "managed",
      "type": "aws_iam_policy",
      "name": "KCHMatumainiService-codepipeline-service-policy",
      "provider": "provider.aws",
      "instances": [
        {
          "schema_version": 0,
          "attributes": {
            "arn": "arn:aws:iam::804524942427:policy/terraform-20200121180004066400000002",
            "description": "",
            "id": "arn:aws:iam::804524942427:policy/terraform-20200121180004066400000002",
            "name": "terraform-20200121180004066400000002",
            "name_prefix": null,
            "path": "/",
            "policy": "{\n  \"Version\": \"2012-10-17\",\n\t\"Statement\": [\n\t\t{\n\t\t\t\"Action\": [\n\t\t\t\t\"codecommit:GetBranch\",\n\t\t\t\t\"codecommit:GetCommit\",\n\t\t\t\t\"codecommit:UploadArchive\",\n\t\t\t\t\"codecommit:GetUploadArchiveStatus\",\n\t\t\t\t\"codecommit:CancelUploadArchive\"\n\t\t\t],\n\t\t\t\"Resource\": \"*\",\n\t\t\t\"Effect\": \"Allow\"\n\t\t},\n\t\t{\n\t\t\t\"Action\": [\n\t\t\t\t\"s3:GetObject\",\n\t\t\t\t\"s3:GetObjectVersion\",\n\t\t\t\t\"s3:GetBucketVersioning\"\n\t\t\t],\n\t\t\t\"Resource\": \"*\",\n\t\t\t\"Effect\": \"Allow\"\n\t\t},\n\t\t{\n\t\t\t\"Action\": [\n\t\t\t\t\"s3:PutObject\"\n\t\t\t],\n\t\t\t\"Resource\": [\n\t\t\t\t\"arn:aws:s3:::*\"\n\t\t\t],\n\t\t\t\"Effect\": \"Allow\"\n\t\t},\n\t\t{\n\t\t\t\"Action\": [\n\t\t\t\t\"elasticloadbalancing:*\",\n\t\t\t\t\"autoscaling:*\",\n\t\t\t\t\"cloudwatch:*\",\n\t\t\t\t\"ecs:*\",\n\t\t\t\t\"codebuild:*\",\n\t\t\t\t\"iam:PassRole\"\n\t\t\t],\n\t\t\t\"Resource\": \"*\",\n\t\t\t\"Effect\": \"Allow\"\n\t\t}\n\t]\n}\n"
          }
        }
      ]
    },
    {
      "mode": "managed",
      "type": "aws_iam_policy_attachment",
      "name": "EcsServiceRoleAttachment",
      "provider": "provider.aws",
      "instances": [
        {
          "schema_version": 0,
          "attributes": {
            "groups": null,
            "id": "EcsServiceRoleAttachment",
            "name": "EcsServiceRoleAttachment",
            "policy_arn": "arn:aws:iam::804524942427:policy/ecs-service",
            "roles": [
              "EcsServiceRole"
            ],
            "users": null
          },
          "depends_on": [
            "aws_iam_policy.EcsServiceRolePolicy",
            "aws_iam_role.EcsServiceRole"
          ]
        }
      ]
    },
    {
      "mode": "managed",
      "type": "aws_iam_policy_attachment",
      "name": "EcsServiceTaskRoleAttachment",
      "provider": "provider.aws",
      "instances": [
        {
          "schema_version": 0,
          "attributes": {
            "groups": null,
            "id": "EcsServiceTaskRoleAttachment",
            "name": "EcsServiceTaskRoleAttachment",
            "policy_arn": "arn:aws:iam::804524942427:policy/terraform-20200121180004061200000001",
            "roles": [
              "ECSTaskRole"
            ],
            "users": null
          },
          "depends_on": [
            "aws_iam_policy.ECSTaskRolePolicy",
            "aws_iam_role.ECSTaskRole"
          ]
        }
      ]
    },
    {
      "mode": "managed",
      "type": "aws_iam_policy_attachment",
      "name": "KCHMatumainiServiceCodeBuildServiceRoleAttachment",
      "provider": "provider.aws",
      "instances": [
        {
          "schema_version": 0,
          "attributes": {
            "groups": null,
            "id": "KCHMatumainiServiceCodeBuildServiceRoleAttachment",
            "name": "KCHMatumainiServiceCodeBuildServiceRoleAttachment",
            "policy_arn": "arn:aws:iam::804524942427:policy/terraform-20200121180005031700000003",
            "roles": [
              "KCHMatumainiServiceCodeBuildServiceRole"
            ],
            "users": null
          },
          "depends_on": [
            "aws_iam_policy.KCHMatumainiService-CodeBuildServicePolicy",
            "aws_iam_role.KCHMatumainiServiceCodeBuildServiceRole"
          ]
        }
      ]
    },
    {
      "mode": "managed",
      "type": "aws_iam_policy_attachment",
      "name": "KCHMatumainiServiceCodePipelineServiceRoleAttachment",
      "provider": "provider.aws",
      "instances": [
        {
          "schema_version": 0,
          "attributes": {
            "groups": null,
            "id": "KCHMatumainiServiceCodePipelineServiceRoleAttachment",
            "name": "KCHMatumainiServiceCodePipelineServiceRoleAttachment",
            "policy_arn": "arn:aws:iam::804524942427:policy/terraform-20200121180004066400000002",
            "roles": [
              "KCHMatumainiServiceCodePipelineServiceRole"
            ],
            "users": null
          },
          "depends_on": [
            "aws_iam_policy.KCHMatumainiService-codepipeline-service-policy",
            "aws_iam_role.KCHMatumainiServiceCodePipelineServiceRole"
          ]
        }
      ]
    },
    {
      "mode": "managed",
      "type": "aws_iam_role",
      "name": "ECSTaskRole",
      "provider": "provider.aws",
      "instances": [
        {
          "schema_version": 0,
          "attributes": {
            "arn": "arn:aws:iam::804524942427:role/ECSTaskRole",
            "assume_role_policy": "{\"Version\":\"2012-10-17\",\"Statement\":[{\"Effect\":\"Allow\",\"Principal\":{\"Service\":\"ecs-tasks.amazonaws.com\"},\"Action\":\"sts:AssumeRole\"}]}",
            "create_date": "2020-01-21T18:00:04Z",
            "description": "",
            "force_detach_policies": false,
            "id": "ECSTaskRole",
            "max_session_duration": 3600,
            "name": "ECSTaskRole",
            "name_prefix": null,
            "path": "/",
            "permissions_boundary": null,
            "tags": null,
            "unique_id": "AROA3WULMMRN2VDGJHC6L"
          }
        }
      ]
    },
    {
      "mode": "managed",
      "type": "aws_iam_role",
      "name": "EcsServiceRole",
      "provider": "provider.aws",
      "instances": [
        {
          "schema_version": 0,
          "attributes": {
            "arn": "arn:aws:iam::804524942427:role/EcsServiceRole",
            "assume_role_policy": "{\"Version\":\"2012-10-17\",\"Statement\":[{\"Effect\":\"Allow\",\"Principal\":{\"Service\":[\"ecs.amazonaws.com\",\"ecs-tasks.amazonaws.com\"]},\"Action\":\"sts:AssumeRole\"}]}",
            "create_date": "2020-01-21T18:00:04Z",
            "description": "",
            "force_detach_policies": false,
            "id": "EcsServiceRole",
            "max_session_duration": 3600,
            "name": "EcsServiceRole",
            "name_prefix": null,
            "path": "/",
            "permissions_boundary": null,
            "tags": null,
            "unique_id": "AROA3WULMMRNRCATLL2J2"
          }
        }
      ]
    },
    {
      "mode": "managed",
      "type": "aws_iam_role",
      "name": "KCHMatumainiServiceCodeBuildServiceRole",
      "provider": "provider.aws",
      "instances": [
        {
          "schema_version": 0,
          "attributes": {
            "arn": "arn:aws:iam::804524942427:role/KCHMatumainiServiceCodeBuildServiceRole",
            "assume_role_policy": "{\"Version\":\"2012-10-17\",\"Statement\":[{\"Effect\":\"Allow\",\"Principal\":{\"Service\":\"codebuild.amazonaws.com\"},\"Action\":\"sts:AssumeRole\"}]}",
            "create_date": "2020-01-21T18:00:05Z",
            "description": "",
            "force_detach_policies": false,
            "id": "KCHMatumainiServiceCodeBuildServiceRole",
            "max_session_duration": 3600,
            "name": "KCHMatumainiServiceCodeBuildServiceRole",
            "name_prefix": null,
            "path": "/",
            "permissions_boundary": null,
            "tags": null,
            "unique_id": "AROA3WULMMRNRTYQCF35I"
          }
        }
      ]
    },
    {
      "mode": "managed",
      "type": "aws_iam_role",
      "name": "KCHMatumainiServiceCodePipelineServiceRole",
      "provider": "provider.aws",
      "instances": [
        {
          "schema_version": 0,
          "attributes": {
            "arn": "arn:aws:iam::804524942427:role/KCHMatumainiServiceCodePipelineServiceRole",
            "assume_role_policy": "{\"Version\":\"2012-10-17\",\"Statement\":[{\"Effect\":\"Allow\",\"Principal\":{\"Service\":\"codepipeline.amazonaws.com\"},\"Action\":\"sts:AssumeRole\"}]}",
            "create_date": "2020-01-21T18:00:04Z",
            "description": "",
            "force_detach_policies": false,
            "id": "KCHMatumainiServiceCodePipelineServiceRole",
            "max_session_duration": 3600,
            "name": "KCHMatumainiServiceCodePipelineServiceRole",
            "name_prefix": null,
            "path": "/",
            "permissions_boundary": null,
            "tags": null,
            "unique_id": "AROA3WULMMRNQZN2EBYEK"
          }
        }
      ]
    },
    {
      "mode": "managed",
      "type": "aws_internet_gateway",
      "name": "InternetGateway",
      "provider": "provider.aws",
      "instances": [
        {
          "schema_version": 0,
          "attributes": {
            "id": "igw-004f91185dc4b1cbf",
            "owner_id": "804524942427",
            "tags": null,
            "vpc_id": "vpc-03b787aa9c6fd1706"
          },
          "depends_on": [
            "aws_vpc.VPC"
          ]
        }
      ]
    },
    {
      "mode": "managed",
      "type": "aws_lb",
      "name": "AppNLB",
      "provider": "provider.aws",
      "instances": [
        {
          "schema_version": 0,
          "attributes": {
            "access_logs": [
              {
                "bucket": "",
                "enabled": false,
                "prefix": ""
              }
            ],
            "arn": "arn:aws:elasticloadbalancing:us-east-1:804524942427:loadbalancer/net/kchmatumaini-nlb/523ca92a8e042e3e",
            "arn_suffix": "net/kchmatumaini-nlb/523ca92a8e042e3e",
            "dns_name": "kchmatumaini-nlb-523ca92a8e042e3e.elb.us-east-1.amazonaws.com",
            "enable_cross_zone_load_balancing": false,
            "enable_deletion_protection": false,
            "enable_http2": null,
            "id": "arn:aws:elasticloadbalancing:us-east-1:804524942427:loadbalancer/net/kchmatumaini-nlb/523ca92a8e042e3e",
            "idle_timeout": null,
            "internal": false,
            "ip_address_type": "ipv4",
            "load_balancer_type": "network",
            "name": "kchmatumaini-nlb",
            "name_prefix": null,
            "security_groups": [],
            "subnet_mapping": [
              {
                "allocation_id": "",
                "subnet_id": "subnet-0012aa127fbd6b4d4"
              },
              {
                "allocation_id": "",
                "subnet_id": "subnet-02e5d79c6ff5a66d8"
              }
            ],
            "subnets": [
              "subnet-0012aa127fbd6b4d4",
              "subnet-02e5d79c6ff5a66d8"
            ],
            "tags": null,
            "timeouts": null,
            "vpc_id": "vpc-03b787aa9c6fd1706",
            "zone_id": "Z26RNL4JYFTOTI"
          },
          "depends_on": [
            "aws_subnet.PublicSubnetOne",
            "aws_subnet.PublicSubnetTwo"
          ]
        }
      ]
    },
    {
      "mode": "managed",
      "type": "aws_lb_listener",
      "name": "AppNLBListener",
      "provider": "provider.aws",
      "instances": [
        {
          "schema_version": 0,
          "attributes": {
            "arn": "arn:aws:elasticloadbalancing:us-east-1:804524942427:listener/net/kchmatumaini-nlb/523ca92a8e042e3e/298ce91f3968878a",
            "certificate_arn": null,
            "default_action": [
              {
                "authenticate_cognito": [],
                "authenticate_oidc": [],
                "fixed_response": [],
                "order": 1,
                "redirect": [],
                "target_group_arn": "arn:aws:elasticloadbalancing:us-east-1:804524942427:targetgroup/KCHMatumaini-TG/ce24eceea2d74264",
                "type": "forward"
              }
            ],
            "id": "arn:aws:elasticloadbalancing:us-east-1:804524942427:listener/net/kchmatumaini-nlb/523ca92a8e042e3e/298ce91f3968878a",
            "load_balancer_arn": "arn:aws:elasticloadbalancing:us-east-1:804524942427:loadbalancer/net/kchmatumaini-nlb/523ca92a8e042e3e",
            "port": 80,
            "protocol": "TCP",
            "ssl_policy": "",
            "timeouts": null
          },
          "depends_on": [
            "aws_lb.AppNLB",
            "aws_lb_target_group.AppNLBTargetGroup"
          ]
        }
      ]
    },
    {
      "mode": "managed",
      "type": "aws_lb_target_group",
      "name": "AppNLBTargetGroup",
      "provider": "provider.aws",
      "instances": [
        {
          "schema_version": 0,
          "attributes": {
            "arn": "arn:aws:elasticloadbalancing:us-east-1:804524942427:targetgroup/KCHMatumaini-TG/ce24eceea2d74264",
            "arn_suffix": "targetgroup/KCHMatumaini-TG/ce24eceea2d74264",
            "deregistration_delay": 300,
            "health_check": [
              {
                "enabled": true,
                "healthy_threshold": 3,
                "interval": 10,
                "matcher": "200-399",
                "path": "/",
                "port": "traffic-port",
                "protocol": "HTTP",
                "timeout": 6,
                "unhealthy_threshold": 3
              }
            ],
            "id": "arn:aws:elasticloadbalancing:us-east-1:804524942427:targetgroup/KCHMatumaini-TG/ce24eceea2d74264",
            "lambda_multi_value_headers_enabled": false,
            "name": "KCHMatumaini-TG",
            "name_prefix": null,
            "port": 8080,
            "protocol": "TCP",
            "proxy_protocol_v2": false,
            "slow_start": 0,
            "stickiness": [],
            "tags": null,
            "target_type": "ip",
            "vpc_id": "vpc-03b787aa9c6fd1706"
          },
          "depends_on": [
            "aws_vpc.VPC"
          ]
        }
      ]
    },
    {
      "mode": "managed",
      "type": "aws_nat_gateway",
      "name": "NatGatewayOne",
      "provider": "provider.aws",
      "instances": [
        {
          "schema_version": 0,
          "attributes": {
            "allocation_id": "eipalloc-082f87123a06a4271",
            "id": "nat-08d250f513052411a",
            "network_interface_id": "eni-075ae10ceee733287",
            "private_ip": "10.0.0.62",
            "public_ip": "54.164.231.192",
            "subnet_id": "subnet-02e5d79c6ff5a66d8",
            "tags": null
          },
          "depends_on": [
            "aws_eip.NatGatewayOneAttachment",
            "aws_subnet.PublicSubnetOne"
          ]
        }
      ]
    },
    {
      "mode": "managed",
      "type": "aws_nat_gateway",
      "name": "NatGatewayTwo",
      "provider": "provider.aws",
      "instances": [
        {
          "schema_version": 0,
          "attributes": {
            "allocation_id": "eipalloc-0b4c3c0a98442c2df",
            "id": "nat-05be61550b737ba82",
            "network_interface_id": "eni-0bfc07cf307c103c6",
            "private_ip": "10.0.1.144",
            "public_ip": "54.85.105.185",
            "subnet_id": "subnet-0012aa127fbd6b4d4",
            "tags": null
          },
          "depends_on": [
            "aws_eip.NatGatewayTwoAttachment",
            "aws_subnet.PublicSubnetTwo"
          ]
        }
      ]
    },
    {
      "mode": "managed",
      "type": "aws_route",
      "name": "PrivateRouteOne",
      "provider": "provider.aws",
      "instances": [
        {
          "schema_version": 0,
          "attributes": {
            "destination_cidr_block": "0.0.0.0/0",
            "destination_ipv6_cidr_block": null,
            "destination_prefix_list_id": "",
            "egress_only_gateway_id": "",
            "gateway_id": "",
            "id": "r-rtb-06141281fb1ce410c1080289494",
            "instance_id": "",
            "instance_owner_id": "",
            "nat_gateway_id": "nat-08d250f513052411a",
            "network_interface_id": "",
            "origin": "CreateRoute",
            "route_table_id": "rtb-06141281fb1ce410c",
            "state": "active",
            "timeouts": null,
            "transit_gateway_id": "",
            "vpc_peering_connection_id": ""
          },
          "depends_on": [
            "aws_nat_gateway.NatGatewayOne",
            "aws_route_table.PrivateRouteTableOne"
          ]
        }
      ]
    },
    {
      "mode": "managed",
      "type": "aws_route",
      "name": "PrivateRouteTwo",
      "provider": "provider.aws",
      "instances": [
        {
          "schema_version": 0,
          "attributes": {
            "destination_cidr_block": "0.0.0.0/0",
            "destination_ipv6_cidr_block": null,
            "destination_prefix_list_id": "",
            "egress_only_gateway_id": "",
            "gateway_id": "",
            "id": "r-rtb-040f9b5f513edaeab1080289494",
            "instance_id": "",
            "instance_owner_id": "",
            "nat_gateway_id": "nat-05be61550b737ba82",
            "network_interface_id": "",
            "origin": "CreateRoute",
            "route_table_id": "rtb-040f9b5f513edaeab",
            "state": "active",
            "timeouts": null,
            "transit_gateway_id": "",
            "vpc_peering_connection_id": ""
          },
          "depends_on": [
            "aws_nat_gateway.NatGatewayTwo",
            "aws_route_table.PrivateRouteTableTwo"
          ]
        }
      ]
    },
    {
      "mode": "managed",
      "type": "aws_route",
      "name": "PublicRoute",
      "provider": "provider.aws",
      "instances": [
        {
          "schema_version": 0,
          "attributes": {
            "destination_cidr_block": "0.0.0.0/0",
            "destination_ipv6_cidr_block": null,
            "destination_prefix_list_id": "",
            "egress_only_gateway_id": "",
            "gateway_id": "igw-004f91185dc4b1cbf",
            "id": "r-rtb-09ac1fc1c21df2c9a1080289494",
            "instance_id": "",
            "instance_owner_id": "",
            "nat_gateway_id": "",
            "network_interface_id": "",
            "origin": "CreateRoute",
            "route_table_id": "rtb-09ac1fc1c21df2c9a",
            "state": "active",
            "timeouts": null,
            "transit_gateway_id": "",
            "vpc_peering_connection_id": ""
          },
          "depends_on": [
            "aws_internet_gateway.InternetGateway",
            "aws_route_table.PublicRouteTable"
          ]
        }
      ]
    },
    {
      "mode": "managed",
      "type": "aws_route_table",
      "name": "PrivateRouteTableOne",
      "provider": "provider.aws",
      "instances": [
        {
          "schema_version": 0,
          "attributes": {
            "id": "rtb-06141281fb1ce410c",
            "owner_id": "804524942427",
            "propagating_vgws": [],
            "route": [],
            "tags": null,
            "vpc_id": "vpc-03b787aa9c6fd1706"
          },
          "depends_on": [
            "aws_vpc.VPC"
          ]
        }
      ]
    },
    {
      "mode": "managed",
      "type": "aws_route_table",
      "name": "PrivateRouteTableTwo",
      "provider": "provider.aws",
      "instances": [
        {
          "schema_version": 0,
          "attributes": {
            "id": "rtb-040f9b5f513edaeab",
            "owner_id": "804524942427",
            "propagating_vgws": [],
            "route": [],
            "tags": null,
            "vpc_id": "vpc-03b787aa9c6fd1706"
          },
          "depends_on": [
            "aws_vpc.VPC"
          ]
        }
      ]
    },
    {
      "mode": "managed",
      "type": "aws_route_table",
      "name": "PublicRouteTable",
      "provider": "provider.aws",
      "instances": [
        {
          "schema_version": 0,
          "attributes": {
            "id": "rtb-09ac1fc1c21df2c9a",
            "owner_id": "804524942427",
            "propagating_vgws": [],
            "route": [
              {
                "cidr_block": "0.0.0.0/0",
                "egress_only_gateway_id": "",
                "gateway_id": "igw-004f91185dc4b1cbf",
                "instance_id": "",
                "ipv6_cidr_block": "",
                "nat_gateway_id": "",
                "network_interface_id": "",
                "transit_gateway_id": "",
                "vpc_peering_connection_id": ""
              }
            ],
            "tags": null,
            "vpc_id": "vpc-03b787aa9c6fd1706"
          },
          "depends_on": [
            "aws_internet_gateway.InternetGateway",
            "aws_vpc.VPC"
          ]
        }
      ]
    },
    {
      "mode": "managed",
      "type": "aws_route_table_association",
      "name": "PrivateRouteTableOneAssociation",
      "provider": "provider.aws",
      "instances": [
        {
          "schema_version": 0,
          "attributes": {
            "id": "rtbassoc-05a22460b7b0d5171",
            "route_table_id": "rtb-06141281fb1ce410c",
            "subnet_id": "subnet-0d56c1737f5537904"
          },
          "depends_on": [
            "aws_route_table.PrivateRouteTableOne",
            "aws_subnet.PrivateSubnetOne"
          ]
        }
      ]
    },
    {
      "mode": "managed",
      "type": "aws_route_table_association",
      "name": "PrivateRouteTableTwoAssociation",
      "provider": "provider.aws",
      "instances": [
        {
          "schema_version": 0,
          "attributes": {
            "id": "rtbassoc-0dc63f2ed2a061f42",
            "route_table_id": "rtb-040f9b5f513edaeab",
            "subnet_id": "subnet-0d53f402e685362f2"
          },
          "depends_on": [
            "aws_route_table.PrivateRouteTableTwo",
            "aws_subnet.PrivateSubnetTwo"
          ]
        }
      ]
    },
    {
      "mode": "managed",
      "type": "aws_route_table_association",
      "name": "PublicSubnetOneRouteTableAssociation",
      "provider": "provider.aws",
      "instances": [
        {
          "schema_version": 0,
          "attributes": {
            "id": "rtbassoc-0279b27bde0d11b15",
            "route_table_id": "rtb-09ac1fc1c21df2c9a",
            "subnet_id": "subnet-02e5d79c6ff5a66d8"
          },
          "depends_on": [
            "aws_route_table.PublicRouteTable",
            "aws_subnet.PublicSubnetOne"
          ]
        }
      ]
    },
    {
      "mode": "managed",
      "type": "aws_route_table_association",
      "name": "PublicSubnetTwoRouteTableAssociation",
      "provider": "provider.aws",
      "instances": [
        {
          "schema_version": 0,
          "attributes": {
            "id": "rtbassoc-0171989503efb26b8",
            "route_table_id": "rtb-09ac1fc1c21df2c9a",
            "subnet_id": "subnet-0012aa127fbd6b4d4"
          },
          "depends_on": [
            "aws_route_table.PublicRouteTable",
            "aws_subnet.PublicSubnetTwo"
          ]
        }
      ]
    },
    {
      "mode": "managed",
      "type": "aws_s3_bucket",
      "name": "StaticWebsiteBucket",
      "provider": "provider.aws",
      "instances": [
        {
          "schema_version": 0,
          "attributes": {
            "acceleration_status": "",
            "acl": "public-read",
            "arn": "arn:aws:s3:::kch-matumaini",
            "bucket": "kch-matumaini",
            "bucket_domain_name": "kch-matumaini.s3.amazonaws.com",
            "bucket_prefix": null,
            "bucket_regional_domain_name": "kch-matumaini.s3.amazonaws.com",
            "cors_rule": [],
            "force_destroy": false,
            "hosted_zone_id": "Z3AQBSTGFYJSTF",
            "id": "kch-matumaini",
            "lifecycle_rule": [],
            "logging": [],
            "object_lock_configuration": [],
            "policy": "{\"Id\":\"MyPolicy\",\"Statement\":[{\"Action\":\"s3:GetObject\",\"Effect\":\"Allow\",\"Principal\":\"*\",\"Resource\":\"arn:aws:s3:::kch-matumaini/*\",\"Sid\":\"PublicReadForGetBucketObjects\"}],\"Version\":\"2012-10-17\"}",
            "region": "us-east-1",
            "replication_configuration": [],
            "request_payer": "BucketOwner",
            "server_side_encryption_configuration": [],
            "tags": null,
            "versioning": [
              {
                "enabled": false,
                "mfa_delete": false
              }
            ],
            "website": [
              {
                "error_document": "error.html",
                "index_document": "index.html",
                "redirect_all_requests_to": "",
                "routing_rules": ""
              }
            ],
            "website_domain": "s3-website-us-east-1.amazonaws.com",
            "website_endpoint": "kch-matumaini.s3-website-us-east-1.amazonaws.com"
          }
        }
      ]
    },
    {
      "mode": "managed",
      "type": "aws_s3_bucket_policy",
      "name": "AppCodeBucketPolicy",
      "provider": "provider.aws",
      "instances": []
    },
    {
      "mode": "managed",
      "type": "aws_security_group",
      "name": "FargateContainerSecurityGroup",
      "provider": "provider.aws",
      "instances": [
        {
          "schema_version": 1,
          "attributes": {
            "arn": "arn:aws:ec2:us-east-1:804524942427:security-group/sg-044d12fe94036dfb4",
            "description": "Access to the fargate containers from the Internet",
            "egress": [],
            "id": "sg-044d12fe94036dfb4",
            "ingress": [],
            "name": "KCH Matumaini SG",
            "name_prefix": null,
            "owner_id": "804524942427",
            "revoke_rules_on_delete": false,
            "tags": null,
            "timeouts": null,
            "vpc_id": "vpc-03b787aa9c6fd1706"
          },
          "depends_on": [
            "aws_vpc.VPC"
          ]
        }
      ]
    },
    {
      "mode": "managed",
      "type": "aws_security_group_rule",
      "name": "FargateContainerSecurityGroupRule",
      "provider": "provider.aws",
      "instances": [
        {
          "schema_version": 2,
          "attributes": {
            "cidr_blocks": [
              "10.0.0.0/16"
            ],
            "description": null,
            "from_port": 0,
            "id": "sgrule-777008483",
            "ipv6_cidr_blocks": null,
            "prefix_list_ids": null,
            "protocol": "-1",
            "security_group_id": "sg-044d12fe94036dfb4",
            "self": false,
            "source_security_group_id": null,
            "to_port": 0,
            "type": "ingress"
          },
          "depends_on": [
            "aws_security_group.FargateContainerSecurityGroup"
          ]
        }
      ]
    },
    {
      "mode": "managed",
      "type": "aws_subnet",
      "name": "PrivateSubnetOne",
      "provider": "provider.aws",
      "instances": [
        {
          "schema_version": 1,
          "attributes": {
            "arn": "arn:aws:ec2:us-east-1:804524942427:subnet/subnet-0d56c1737f5537904",
            "assign_ipv6_address_on_creation": false,
            "availability_zone": "us-east-1a",
            "availability_zone_id": "use1-az4",
            "cidr_block": "10.0.2.0/24",
            "id": "subnet-0d56c1737f5537904",
            "ipv6_cidr_block": "",
            "ipv6_cidr_block_association_id": "",
            "map_public_ip_on_launch": false,
            "owner_id": "804524942427",
            "tags": null,
            "timeouts": null,
            "vpc_id": "vpc-03b787aa9c6fd1706"
          },
          "depends_on": [
            "aws_vpc.VPC",
            "data.aws_availability_zones.AZ"
          ]
        }
      ]
    },
    {
      "mode": "managed",
      "type": "aws_subnet",
      "name": "PrivateSubnetTwo",
      "provider": "provider.aws",
      "instances": [
        {
          "schema_version": 1,
          "attributes": {
            "arn": "arn:aws:ec2:us-east-1:804524942427:subnet/subnet-0d53f402e685362f2",
            "assign_ipv6_address_on_creation": false,
            "availability_zone": "us-east-1b",
            "availability_zone_id": "use1-az6",
            "cidr_block": "10.0.3.0/24",
            "id": "subnet-0d53f402e685362f2",
            "ipv6_cidr_block": "",
            "ipv6_cidr_block_association_id": "",
            "map_public_ip_on_launch": false,
            "owner_id": "804524942427",
            "tags": null,
            "timeouts": null,
            "vpc_id": "vpc-03b787aa9c6fd1706"
          },
          "depends_on": [
            "aws_vpc.VPC",
            "data.aws_availability_zones.AZ"
          ]
        }
      ]
    },
    {
      "mode": "managed",
      "type": "aws_subnet",
      "name": "PublicSubnetOne",
      "provider": "provider.aws",
      "instances": [
        {
          "schema_version": 1,
          "attributes": {
            "arn": "arn:aws:ec2:us-east-1:804524942427:subnet/subnet-02e5d79c6ff5a66d8",
            "assign_ipv6_address_on_creation": false,
            "availability_zone": "us-east-1a",
            "availability_zone_id": "use1-az4",
            "cidr_block": "10.0.0.0/24",
            "id": "subnet-02e5d79c6ff5a66d8",
            "ipv6_cidr_block": "",
            "ipv6_cidr_block_association_id": "",
            "map_public_ip_on_launch": true,
            "owner_id": "804524942427",
            "tags": null,
            "timeouts": null,
            "vpc_id": "vpc-03b787aa9c6fd1706"
          },
          "depends_on": [
            "aws_vpc.VPC",
            "data.aws_availability_zones.AZ"
          ]
        }
      ]
    },
    {
      "mode": "managed",
      "type": "aws_subnet",
      "name": "PublicSubnetTwo",
      "provider": "provider.aws",
      "instances": [
        {
          "schema_version": 1,
          "attributes": {
            "arn": "arn:aws:ec2:us-east-1:804524942427:subnet/subnet-0012aa127fbd6b4d4",
            "assign_ipv6_address_on_creation": false,
            "availability_zone": "us-east-1b",
            "availability_zone_id": "use1-az6",
            "cidr_block": "10.0.1.0/24",
            "id": "subnet-0012aa127fbd6b4d4",
            "ipv6_cidr_block": "",
            "ipv6_cidr_block_association_id": "",
            "map_public_ip_on_launch": true,
            "owner_id": "804524942427",
            "tags": null,
            "timeouts": null,
            "vpc_id": "vpc-03b787aa9c6fd1706"
          },
          "depends_on": [
            "aws_vpc.VPC",
            "data.aws_availability_zones.AZ"
          ]
        }
      ]
    },
    {
      "mode": "managed",
      "type": "aws_vpc",
      "name": "VPC",
      "provider": "provider.aws",
      "instances": [
        {
          "schema_version": 1,
          "attributes": {
            "arn": "arn:aws:ec2:us-east-1:804524942427:vpc/vpc-03b787aa9c6fd1706",
            "assign_generated_ipv6_cidr_block": false,
            "cidr_block": "10.0.0.0/16",
            "default_network_acl_id": "acl-053476519d1e09575",
            "default_route_table_id": "rtb-0ab382a97bdce2190",
            "default_security_group_id": "sg-00871db536ca1d61b",
            "dhcp_options_id": "dopt-c385f4b8",
            "enable_classiclink": false,
            "enable_classiclink_dns_support": false,
            "enable_dns_hostnames": true,
            "enable_dns_support": true,
            "id": "vpc-03b787aa9c6fd1706",
            "instance_tenancy": "default",
            "ipv6_association_id": "",
            "ipv6_cidr_block": "",
            "main_route_table_id": "rtb-0ab382a97bdce2190",
            "owner_id": "804524942427",
            "tags": null
          }
        }
      ]
    },
    {
      "mode": "managed",
      "type": "aws_vpc_endpoint",
      "name": "DynamoDBEndpoint",
      "provider": "provider.aws",
      "instances": [
        {
          "schema_version": 0,
          "attributes": {
            "auto_accept": null,
            "cidr_blocks": [
              "52.94.0.0/22",
              "52.119.224.0/20"
            ],
            "dns_entry": [],
            "id": "vpce-0c64d0fac85731749",
            "network_interface_ids": [],
            "policy": "{\"Id\":\"MyPolicy\",\"Statement\":[{\"Action\":\"*\",\"Effect\":\"Allow\",\"Principal\":\"*\",\"Resource\":\"*\"}],\"Version\":\"2012-10-17\"}",
            "prefix_list_id": "pl-02cd2c6b",
            "private_dns_enabled": false,
            "route_table_ids": [
              "rtb-040f9b5f513edaeab",
              "rtb-06141281fb1ce410c"
            ],
            "security_group_ids": [],
            "service_name": "com.amazonaws.us-east-1.dynamodb",
            "state": "available",
            "subnet_ids": [],
            "timeouts": null,
            "vpc_endpoint_type": "Gateway",
            "vpc_id": "vpc-03b787aa9c6fd1706"
          },
          "depends_on": [
            "aws_route_table.PrivateRouteTableOne",
            "aws_route_table.PrivateRouteTableTwo",
            "aws_vpc.VPC",
            "data.aws_region.AWSRegion"
          ]
        }
      ]
    }
  ]
}
