{
  "version": 4,
  "terraform_version": "0.12.0",
  "serial": 254,
  "lineage": "16f6f6be-1095-d0d8-ad59-f37222bd1ad3",
  "outputs": {
    "REPLACE_ME_ECS_SERVICE_ROLE_ARN": {
      "value": "arn:aws:iam::804524942427:role/EcsServiceRole",
      "type": "string"
    },
    "REPLACE_ME_ECS_TASK_ROLE_ARN": {
      "value": "arn:aws:iam::804524942427:role/ECSTaskRole",
      "type": "string"
    },
    "REPLACE_ME_PRIVATE_SUBNET_ONE": {
      "value": "subnet-0a8eefb496b41d9ac",
      "type": "string"
    },
    "REPLACE_ME_PRIVATE_SUBNET_TWO": {
      "value": "subnet-0372217e657579895",
      "type": "string"
    },
    "REPLACE_ME_PUBLIC_SUBNET_ONE": {
      "value": "subnet-0ff98d1e79aa9a2fc",
      "type": "string"
    },
    "REPLACE_ME_PUBLIC_SUBNET_TWO": {
      "value": "subnet-07b54a0acc114c8c8",
      "type": "string"
    },
    "REPLACE_ME_SECURITY_GROUP_ID": {
      "value": "sg-09a209222876c4b41",
      "type": "string"
    },
    "REPLACE_ME_VPC_ID": {
      "value": "vpc-0de7f51b00ab78159",
      "type": "string"
    }
  },
  "resources": [
    {
      "mode": "data",
      "type": "aws_availability_zones",
      "name": "AZ",
      "provider": "provider.aws",
      "instances": [
        {
          "schema_version": 0,
          "attributes": {
            "blacklisted_names": null,
            "blacklisted_zone_ids": null,
            "id": "2020-01-28 21:02:45.510046 +0000 UTC",
            "names": [
              "us-east-1a",
              "us-east-1b",
              "us-east-1c",
              "us-east-1d",
              "us-east-1e",
              "us-east-1f"
            ],
            "state": null,
            "zone_ids": [
              "use1-az4",
              "use1-az6",
              "use1-az1",
              "use1-az2",
              "use1-az3",
              "use1-az5"
            ]
          }
        }
      ]
    },
    {
      "mode": "data",
      "type": "aws_billing_service_account",
      "name": "Account",
      "provider": "provider.aws",
      "instances": [
        {
          "schema_version": 0,
          "attributes": {
            "arn": "arn:aws:iam::386209384616:root",
            "id": "386209384616"
          }
        }
      ]
    },
    {
      "mode": "data",
      "type": "aws_region",
      "name": "AWSRegion",
      "provider": "provider.aws",
      "instances": [
        {
          "schema_version": 0,
          "attributes": {
            "current": null,
            "description": "US East (N. Virginia)",
            "endpoint": "ec2.us-east-1.amazonaws.com",
            "id": "us-east-1",
            "name": "us-east-1"
          }
        }
      ]
    },
    {
      "mode": "managed",
      "type": "aws_cloudwatch_log_group",
      "name": "KCHMatumainiLogGroup",
      "provider": "provider.aws",
      "instances": [
        {
          "schema_version": 0,
          "attributes": {
            "arn": "arn:aws:logs:us-east-1:804524942427:log-group:kchmatumaini-logs:*",
            "id": "kchmatumaini-logs",
            "kms_key_id": "",
            "name": "kchmatumaini-logs",
            "name_prefix": null,
            "retention_in_days": 0,
            "tags": null
          }
        }
      ]
    },
    {
      "mode": "managed",
      "type": "aws_dynamodb_table",
      "name": "AppDB",
      "provider": "provider.aws",
      "instances": [
        {
          "schema_version": 1,
          "attributes": {
            "arn": "arn:aws:dynamodb:us-east-1:804524942427:table/KCHMatumainiDB",
            "attribute": [
              {
                "name": "ChildId",
                "type": "S"
              },
              {
                "name": "PrimarySecondary",
                "type": "S"
              },
              {
                "name": "Sponsored",
                "type": "S"
              }
            ],
            "billing_mode": "PROVISIONED",
            "global_secondary_index": [
              {
                "hash_key": "PrimarySecondary",
                "name": "PrimarySecondaryIndex",
                "non_key_attributes": [
                  "ChildId"
                ],
                "projection_type": "INCLUDE",
                "range_key": "ChildId",
                "read_capacity": 5,
                "write_capacity": 5
              },
              {
                "hash_key": "Sponsored",
                "name": "SponsoredIndex",
                "non_key_attributes": [
                  "ChildId"
                ],
                "projection_type": "INCLUDE",
                "range_key": "ChildId",
                "read_capacity": 5,
                "write_capacity": 5
              }
            ],
            "hash_key": "ChildId",
            "id": "KCHMatumainiDB",
            "local_secondary_index": [],
            "name": "KCHMatumainiDB",
            "point_in_time_recovery": [
              {
                "enabled": false
              }
            ],
            "range_key": null,
            "read_capacity": 5,
            "server_side_encryption": [],
            "stream_arn": "",
            "stream_enabled": false,
            "stream_label": "",
            "stream_view_type": "",
            "tags": null,
            "timeouts": null,
            "ttl": [
              {
                "attribute_name": "",
                "enabled": false
              }
            ],
            "write_capacity": 5
          }
        }
      ]
    },
    {
      "mode": "managed",
      "type": "aws_ecs_cluster",
      "name": "KCHMatumainiECSCluster",
      "provider": "provider.aws",
      "instances": [
        {
          "schema_version": 0,
          "attributes": {
            "arn": "arn:aws:ecs:us-east-1:804524942427:cluster/KCHMatumaini-Cluster",
            "id": "arn:aws:ecs:us-east-1:804524942427:cluster/KCHMatumaini-Cluster",
            "name": "KCHMatumaini-Cluster",
            "tags": null
          }
        }
      ]
    },
    {
      "mode": "managed",
      "type": "aws_ecs_service",
      "name": "main",
      "provider": "provider.aws",
      "instances": [
        {
          "schema_version": 0,
          "attributes": {
            "cluster": "arn:aws:ecs:us-east-1:804524942427:cluster/KCHMatumaini-Cluster",
            "deployment_controller": [
              {
                "type": "ECS"
              }
            ],
            "deployment_maximum_percent": 200,
            "deployment_minimum_healthy_percent": 100,
            "desired_count": 1,
            "enable_ecs_managed_tags": false,
            "health_check_grace_period_seconds": 0,
            "iam_role": "aws-service-role",
            "id": "arn:aws:ecs:us-east-1:804524942427:service/KCHMatumaini-Service",
            "launch_type": "FARGATE",
            "load_balancer": [
              {
                "container_name": "kchmatumainiservice",
                "container_port": 8080,
                "elb_name": "",
                "target_group_arn": "arn:aws:elasticloadbalancing:us-east-1:804524942427:targetgroup/KCHMatumaini-TG/bc66347a3f5bcf05"
              }
            ],
            "name": "KCHMatumaini-Service",
            "network_configuration": [
              {
                "assign_public_ip": false,
                "security_groups": [
                  "sg-09a209222876c4b41"
                ],
                "subnets": [
                  "subnet-0372217e657579895",
                  "subnet-0a8eefb496b41d9ac"
                ]
              }
            ],
            "ordered_placement_strategy": [],
            "placement_constraints": [],
            "placement_strategy": [],
            "platform_version": "LATEST",
            "propagate_tags": "NONE",
            "scheduling_strategy": "REPLICA",
            "service_registries": [],
            "tags": null,
            "task_definition": "arn:aws:ecs:us-east-1:804524942427:task-definition/kchmatumainiservice:3"
          },
          "depends_on": [
            "aws_ecs_cluster.KCHMatumainiECSCluster",
            "aws_ecs_task_definition.KCHMatumainiECSTaskDef",
            "aws_lb_listener.AppNLBListener",
            "aws_lb_target_group.AppNLBTargetGroup",
            "aws_security_group.FargateContainerSecurityGroup",
            "aws_subnet.PrivateSubnetOne",
            "aws_subnet.PrivateSubnetTwo"
          ]
        }
      ]
    },
    {
      "mode": "managed",
      "type": "aws_ecs_task_definition",
      "name": "KCHMatumainiECSTaskDef",
      "provider": "provider.aws",
      "instances": [
        {
          "schema_version": 1,
          "attributes": {
            "arn": "arn:aws:ecs:us-east-1:804524942427:task-definition/kchmatumainiservice:3",
            "container_definitions": "[{\"cpu\":256,\"environment\":[],\"essential\":true,\"image\":\"image\",\"memory\":512,\"mountPoints\":[],\"name\":\"kchmatumainiservice\",\"portMappings\":[{\"containerPort\":8080,\"hostPort\":8080,\"protocol\":\"tcp\"}],\"volumesFrom\":[]}]",
            "cpu": "256",
            "execution_role_arn": "",
            "family": "kchmatumainiservice",
            "id": "kchmatumainiservice",
            "ipc_mode": null,
            "memory": "512",
            "network_mode": "awsvpc",
            "pid_mode": null,
            "placement_constraints": [],
            "requires_compatibilities": [
              "FARGATE"
            ],
            "revision": 3,
            "tags": null,
            "task_role_arn": "",
            "volume": []
          }
        }
      ]
    },
    {
      "mode": "managed",
      "type": "aws_eip",
      "name": "NatGatewayOneAttachment",
      "provider": "provider.aws",
      "instances": [
        {
          "schema_version": 0,
          "attributes": {
            "allocation_id": null,
            "associate_with_private_ip": null,
            "association_id": "",
            "domain": "vpc",
            "id": "eipalloc-0977e2c3847de9abe",
            "instance": "",
            "network_interface": "",
            "private_dns": null,
            "private_ip": "",
            "public_dns": "ec2-54-145-246-120.compute-1.amazonaws.com",
            "public_ip": "54.145.246.120",
            "public_ipv4_pool": "amazon",
            "tags": null,
            "timeouts": null,
            "vpc": true
          },
          "depends_on": [
            "aws_internet_gateway.InternetGateway"
          ]
        }
      ]
    },
    {
      "mode": "managed",
      "type": "aws_eip",
      "name": "NatGatewayTwoAttachment",
      "provider": "provider.aws",
      "instances": [
        {
          "schema_version": 0,
          "attributes": {
            "allocation_id": null,
            "associate_with_private_ip": null,
            "association_id": "",
            "domain": "vpc",
            "id": "eipalloc-0418588d921b21a8b",
            "instance": "",
            "network_interface": "",
            "private_dns": null,
            "private_ip": "",
            "public_dns": "ec2-52-201-69-68.compute-1.amazonaws.com",
            "public_ip": "52.201.69.68",
            "public_ipv4_pool": "amazon",
            "tags": null,
            "timeouts": null,
            "vpc": true
          },
          "depends_on": [
            "aws_internet_gateway.InternetGateway"
          ]
        }
      ]
    },
    {
      "mode": "managed",
      "type": "aws_iam_policy",
      "name": "ECSTaskRolePolicy",
      "provider": "provider.aws",
      "instances": [
        {
          "schema_version": 0,
          "attributes": {
            "arn": "arn:aws:iam::804524942427:policy/terraform-20200128210255070400000001",
            "description": "",
            "id": "arn:aws:iam::804524942427:policy/terraform-20200128210255070400000001",
            "name": "terraform-20200128210255070400000001",
            "name_prefix": null,
            "path": "/",
            "policy": "{\n  \"Version\": \"2012-10-17\",\n\t\"Statement\": [\n\t\t{\n\t\t\t\"Effect\": \"Allow\",\n\t\t\t\"Action\": [\n\t\t\t\t\"ecr:GetAuthorizationToken\",\n\t\t\t\t\"ecr:BatchCheckLayerAvailability\",\n\t\t\t\t\"ecr:GetDownloadUrlForLayer\",\n\t\t\t\t\"ecr:BatchGetImage\",\n\t\t\t\t\"logs:CreateLogStream\",\n\t\t\t\t\"logs:CreateLogGroup\",\n\t\t\t\t\"logs:PutLogEvents\"\n\t\t\t],\n\t\t\t\"Resource\": \"*\"\n\t\t},\n\t\t{\n\t\t\t\"Effect\": \"Allow\",\n\t\t\t\"Action\": [\n\t\t\t\t\"dynamodb:Scan\",\n\t\t\t\t\"dynamodb:Query\",\n\t\t\t\t\"dynamodb:UpdateItem\",\n\t\t\t\t\"dynamodb:GetItem\"\n\t\t\t],\n\t\t\t\"Resource\": \"arn:aws:dynamodb:*:*:table/KCHTable*\"\n\t\t}\n\t]\n}\n"
          }
        }
      ]
    },
    {
      "mode": "managed",
      "type": "aws_iam_policy",
      "name": "EcsServiceRolePolicy",
      "provider": "provider.aws",
      "instances": [
        {
          "schema_version": 0,
          "attributes": {
            "arn": "arn:aws:iam::804524942427:policy/ecs-service",
            "description": "",
            "id": "arn:aws:iam::804524942427:policy/ecs-service",
            "name": "ecs-service",
            "name_prefix": null,
            "path": "/",
            "policy": "{\n  \"Version\": \"2012-10-17\",\n  \"Statement\": [\n    {\n      \"Action\": [\n        \"ec2:AttachNetworkInterface\",\n        \"ec2:CreateNetworkInterface\",\n        \"ec2:CreateNetworkInterfacePermission\",\n        \"ec2:DeleteNetworkInterface\",\n        \"ec2:DeleteNetworkInterfacePermission\",\n        \"ec2:Describe*\",\n        \"ec2:DetachNetworkInterface\",\n        \"elasticloadbalancing:DeregisterInstancesFromLoadBalancer\",\n        \"elasticloadbalancing:DeregisterTargets\",\n        \"elasticloadbalancing:Describe*\",\n        \"elasticloadbalancing:RegisterInstancesWithLoadBalancer\",\n        \"elasticloadbalancing:RegisterTargets\",\n        \"iam:PassRole\",\n        \"ecr:GetAuthorizationToken\",\n        \"ecr:BatchCheckLayerAvailability\",\n        \"ecr:GetDownloadUrlForLayer\",\n        \"ecr:BatchGetImage\",\n        \"logs:DescribeLogStreams\",\n        \"logs:CreateLogStream\",\n        \"logs:CreateLogGroup\",\n        \"logs:PutLogEvents\"\n      ],\n      \"Effect\": \"Allow\",\n      \"Resource\": \"*\"\n    }\n  ]\n}\n"
          }
        }
      ]
    },
    {
      "mode": "managed",
      "type": "aws_iam_policy_attachment",
      "name": "EcsServiceRoleAttachment",
      "provider": "provider.aws",
      "instances": [
        {
          "schema_version": 0,
          "attributes": {
            "groups": null,
            "id": "EcsServiceRoleAttachment",
            "name": "EcsServiceRoleAttachment",
            "policy_arn": "arn:aws:iam::804524942427:policy/ecs-service",
            "roles": [
              "EcsServiceRole"
            ],
            "users": null
          },
          "depends_on": [
            "aws_iam_policy.EcsServiceRolePolicy",
            "aws_iam_role.EcsServiceRole"
          ]
        }
      ]
    },
    {
      "mode": "managed",
      "type": "aws_iam_policy_attachment",
      "name": "EcsServiceTaskRoleAttachment",
      "provider": "provider.aws",
      "instances": [
        {
          "schema_version": 0,
          "attributes": {
            "groups": null,
            "id": "EcsServiceTaskRoleAttachment",
            "name": "EcsServiceTaskRoleAttachment",
            "policy_arn": "arn:aws:iam::804524942427:policy/terraform-20200128210255070400000001",
            "roles": [
              "ECSTaskRole"
            ],
            "users": null
          },
          "depends_on": [
            "aws_iam_policy.ECSTaskRolePolicy",
            "aws_iam_role.ECSTaskRole"
          ]
        }
      ]
    },
    {
      "mode": "managed",
      "type": "aws_iam_role",
      "name": "ECSTaskRole",
      "provider": "provider.aws",
      "instances": [
        {
          "schema_version": 0,
          "attributes": {
            "arn": "arn:aws:iam::804524942427:role/ECSTaskRole",
            "assume_role_policy": "{\"Version\":\"2012-10-17\",\"Statement\":[{\"Effect\":\"Allow\",\"Principal\":{\"Service\":\"ecs-tasks.amazonaws.com\"},\"Action\":\"sts:AssumeRole\"}]}",
            "create_date": "2020-01-28T21:02:55Z",
            "description": "",
            "force_detach_policies": false,
            "id": "ECSTaskRole",
            "max_session_duration": 3600,
            "name": "ECSTaskRole",
            "name_prefix": null,
            "path": "/",
            "permissions_boundary": null,
            "tags": null,
            "unique_id": "AROA3WULMMRN2KTEAFZTW"
          }
        }
      ]
    },
    {
      "mode": "managed",
      "type": "aws_iam_role",
      "name": "EcsServiceRole",
      "provider": "provider.aws",
      "instances": [
        {
          "schema_version": 0,
          "attributes": {
            "arn": "arn:aws:iam::804524942427:role/EcsServiceRole",
            "assume_role_policy": "{\"Version\":\"2012-10-17\",\"Statement\":[{\"Effect\":\"Allow\",\"Principal\":{\"Service\":[\"ecs.amazonaws.com\",\"ecs-tasks.amazonaws.com\"]},\"Action\":\"sts:AssumeRole\"}]}",
            "create_date": "2020-01-28T21:02:55Z",
            "description": "",
            "force_detach_policies": false,
            "id": "EcsServiceRole",
            "max_session_duration": 3600,
            "name": "EcsServiceRole",
            "name_prefix": null,
            "path": "/",
            "permissions_boundary": null,
            "tags": null,
            "unique_id": "AROA3WULMMRNSDOOGKASK"
          }
        }
      ]
    },
    {
      "mode": "managed",
      "type": "aws_internet_gateway",
      "name": "InternetGateway",
      "provider": "provider.aws",
      "instances": [
        {
          "schema_version": 0,
          "attributes": {
            "id": "igw-09be317f910ec942a",
            "owner_id": "804524942427",
            "tags": null,
            "vpc_id": "vpc-0de7f51b00ab78159"
          },
          "depends_on": [
            "aws_vpc.VPC"
          ]
        }
      ]
    },
    {
      "mode": "managed",
      "type": "aws_lb",
      "name": "AppNLB",
      "provider": "provider.aws",
      "instances": [
        {
          "schema_version": 0,
          "attributes": {
            "access_logs": [
              {
                "bucket": "",
                "enabled": false,
                "prefix": ""
              }
            ],
            "arn": "arn:aws:elasticloadbalancing:us-east-1:804524942427:loadbalancer/net/kchmatumaini-nlb/cbf649093d26f82b",
            "arn_suffix": "net/kchmatumaini-nlb/cbf649093d26f82b",
            "dns_name": "kchmatumaini-nlb-cbf649093d26f82b.elb.us-east-1.amazonaws.com",
            "enable_cross_zone_load_balancing": false,
            "enable_deletion_protection": false,
            "enable_http2": null,
            "id": "arn:aws:elasticloadbalancing:us-east-1:804524942427:loadbalancer/net/kchmatumaini-nlb/cbf649093d26f82b",
            "idle_timeout": null,
            "internal": false,
            "ip_address_type": "ipv4",
            "load_balancer_type": "network",
            "name": "kchmatumaini-nlb",
            "name_prefix": null,
            "security_groups": [],
            "subnet_mapping": [
              {
                "allocation_id": "",
                "subnet_id": "subnet-07b54a0acc114c8c8"
              },
              {
                "allocation_id": "",
                "subnet_id": "subnet-0ff98d1e79aa9a2fc"
              }
            ],
            "subnets": [
              "subnet-07b54a0acc114c8c8",
              "subnet-0ff98d1e79aa9a2fc"
            ],
            "tags": null,
            "timeouts": null,
            "vpc_id": "vpc-0de7f51b00ab78159",
            "zone_id": "Z26RNL4JYFTOTI"
          },
          "depends_on": [
            "aws_subnet.PublicSubnetOne",
            "aws_subnet.PublicSubnetTwo"
          ]
        }
      ]
    },
    {
      "mode": "managed",
      "type": "aws_lb_listener",
      "name": "AppNLBListener",
      "provider": "provider.aws",
      "instances": [
        {
          "schema_version": 0,
          "attributes": {
            "arn": "arn:aws:elasticloadbalancing:us-east-1:804524942427:listener/net/kchmatumaini-nlb/cbf649093d26f82b/6623dc423169dbb4",
            "certificate_arn": null,
            "default_action": [
              {
                "authenticate_cognito": [],
                "authenticate_oidc": [],
                "fixed_response": [],
                "order": 1,
                "redirect": [],
                "target_group_arn": "arn:aws:elasticloadbalancing:us-east-1:804524942427:targetgroup/KCHMatumaini-TG/bc66347a3f5bcf05",
                "type": "forward"
              }
            ],
            "id": "arn:aws:elasticloadbalancing:us-east-1:804524942427:listener/net/kchmatumaini-nlb/cbf649093d26f82b/6623dc423169dbb4",
            "load_balancer_arn": "arn:aws:elasticloadbalancing:us-east-1:804524942427:loadbalancer/net/kchmatumaini-nlb/cbf649093d26f82b",
            "port": 80,
            "protocol": "TCP",
            "ssl_policy": "",
            "timeouts": null
          },
          "depends_on": [
            "aws_lb.AppNLB",
            "aws_lb_target_group.AppNLBTargetGroup"
          ]
        }
      ]
    },
    {
      "mode": "managed",
      "type": "aws_lb_target_group",
      "name": "AppNLBTargetGroup",
      "provider": "provider.aws",
      "instances": [
        {
          "schema_version": 0,
          "attributes": {
            "arn": "arn:aws:elasticloadbalancing:us-east-1:804524942427:targetgroup/KCHMatumaini-TG/bc66347a3f5bcf05",
            "arn_suffix": "targetgroup/KCHMatumaini-TG/bc66347a3f5bcf05",
            "deregistration_delay": 300,
            "health_check": [
              {
                "enabled": true,
                "healthy_threshold": 3,
                "interval": 10,
                "matcher": "200-399",
                "path": "/",
                "port": "traffic-port",
                "protocol": "HTTP",
                "timeout": 6,
                "unhealthy_threshold": 3
              }
            ],
            "id": "arn:aws:elasticloadbalancing:us-east-1:804524942427:targetgroup/KCHMatumaini-TG/bc66347a3f5bcf05",
            "lambda_multi_value_headers_enabled": false,
            "name": "KCHMatumaini-TG",
            "name_prefix": null,
            "port": 8080,
            "protocol": "TCP",
            "proxy_protocol_v2": false,
            "slow_start": 0,
            "stickiness": [],
            "tags": null,
            "target_type": "ip",
            "vpc_id": "vpc-0de7f51b00ab78159"
          },
          "depends_on": [
            "aws_vpc.VPC"
          ]
        }
      ]
    },
    {
      "mode": "managed",
      "type": "aws_nat_gateway",
      "name": "NatGatewayOne",
      "provider": "provider.aws",
      "instances": [
        {
          "schema_version": 0,
          "attributes": {
            "allocation_id": "eipalloc-0977e2c3847de9abe",
            "id": "nat-0115aae6a27d0be06",
            "network_interface_id": "eni-0a395cbe459540513",
            "private_ip": "10.0.0.219",
            "public_ip": "54.145.246.120",
            "subnet_id": "subnet-0ff98d1e79aa9a2fc",
            "tags": null
          },
          "depends_on": [
            "aws_eip.NatGatewayOneAttachment",
            "aws_subnet.PublicSubnetOne"
          ]
        }
      ]
    },
    {
      "mode": "managed",
      "type": "aws_nat_gateway",
      "name": "NatGatewayTwo",
      "provider": "provider.aws",
      "instances": [
        {
          "schema_version": 0,
          "attributes": {
            "allocation_id": "eipalloc-0418588d921b21a8b",
            "id": "nat-087b4d89b9a5f8068",
            "network_interface_id": "eni-0b2f92ab6db8caea0",
            "private_ip": "10.0.1.223",
            "public_ip": "52.201.69.68",
            "subnet_id": "subnet-07b54a0acc114c8c8",
            "tags": null
          },
          "depends_on": [
            "aws_eip.NatGatewayTwoAttachment",
            "aws_subnet.PublicSubnetTwo"
          ]
        }
      ]
    },
    {
      "mode": "managed",
      "type": "aws_route",
      "name": "PrivateRouteOne",
      "provider": "provider.aws",
      "instances": [
        {
          "schema_version": 0,
          "attributes": {
            "destination_cidr_block": "0.0.0.0/0",
            "destination_ipv6_cidr_block": null,
            "destination_prefix_list_id": "",
            "egress_only_gateway_id": "",
            "gateway_id": "",
            "id": "r-rtb-04a2487be02f5c6b21080289494",
            "instance_id": "",
            "instance_owner_id": "",
            "nat_gateway_id": "nat-0115aae6a27d0be06",
            "network_interface_id": "",
            "origin": "CreateRoute",
            "route_table_id": "rtb-04a2487be02f5c6b2",
            "state": "active",
            "timeouts": null,
            "transit_gateway_id": "",
            "vpc_peering_connection_id": ""
          },
          "depends_on": [
            "aws_nat_gateway.NatGatewayOne",
            "aws_route_table.PrivateRouteTableOne"
          ]
        }
      ]
    },
    {
      "mode": "managed",
      "type": "aws_route",
      "name": "PrivateRouteTwo",
      "provider": "provider.aws",
      "instances": [
        {
          "schema_version": 0,
          "attributes": {
            "destination_cidr_block": "0.0.0.0/0",
            "destination_ipv6_cidr_block": null,
            "destination_prefix_list_id": "",
            "egress_only_gateway_id": "",
            "gateway_id": "",
            "id": "r-rtb-02d2d039b8a99bd1e1080289494",
            "instance_id": "",
            "instance_owner_id": "",
            "nat_gateway_id": "nat-087b4d89b9a5f8068",
            "network_interface_id": "",
            "origin": "CreateRoute",
            "route_table_id": "rtb-02d2d039b8a99bd1e",
            "state": "active",
            "timeouts": null,
            "transit_gateway_id": "",
            "vpc_peering_connection_id": ""
          },
          "depends_on": [
            "aws_nat_gateway.NatGatewayTwo",
            "aws_route_table.PrivateRouteTableTwo"
          ]
        }
      ]
    },
    {
      "mode": "managed",
      "type": "aws_route",
      "name": "PublicRoute",
      "provider": "provider.aws",
      "instances": [
        {
          "schema_version": 0,
          "attributes": {
            "destination_cidr_block": "0.0.0.0/0",
            "destination_ipv6_cidr_block": null,
            "destination_prefix_list_id": "",
            "egress_only_gateway_id": "",
            "gateway_id": "igw-09be317f910ec942a",
            "id": "r-rtb-051593808869a35711080289494",
            "instance_id": "",
            "instance_owner_id": "",
            "nat_gateway_id": "",
            "network_interface_id": "",
            "origin": "CreateRoute",
            "route_table_id": "rtb-051593808869a3571",
            "state": "active",
            "timeouts": null,
            "transit_gateway_id": "",
            "vpc_peering_connection_id": ""
          },
          "depends_on": [
            "aws_internet_gateway.InternetGateway",
            "aws_route_table.PublicRouteTable"
          ]
        }
      ]
    },
    {
      "mode": "managed",
      "type": "aws_route_table",
      "name": "PrivateRouteTableOne",
      "provider": "provider.aws",
      "instances": [
        {
          "schema_version": 0,
          "attributes": {
            "id": "rtb-04a2487be02f5c6b2",
            "owner_id": "804524942427",
            "propagating_vgws": [],
            "route": [],
            "tags": null,
            "vpc_id": "vpc-0de7f51b00ab78159"
          },
          "depends_on": [
            "aws_vpc.VPC"
          ]
        }
      ]
    },
    {
      "mode": "managed",
      "type": "aws_route_table",
      "name": "PrivateRouteTableTwo",
      "provider": "provider.aws",
      "instances": [
        {
          "schema_version": 0,
          "attributes": {
            "id": "rtb-02d2d039b8a99bd1e",
            "owner_id": "804524942427",
            "propagating_vgws": [],
            "route": [],
            "tags": null,
            "vpc_id": "vpc-0de7f51b00ab78159"
          },
          "depends_on": [
            "aws_vpc.VPC"
          ]
        }
      ]
    },
    {
      "mode": "managed",
      "type": "aws_route_table",
      "name": "PublicRouteTable",
      "provider": "provider.aws",
      "instances": [
        {
          "schema_version": 0,
          "attributes": {
            "id": "rtb-051593808869a3571",
            "owner_id": "804524942427",
            "propagating_vgws": [],
            "route": [
              {
                "cidr_block": "0.0.0.0/0",
                "egress_only_gateway_id": "",
                "gateway_id": "igw-09be317f910ec942a",
                "instance_id": "",
                "ipv6_cidr_block": "",
                "nat_gateway_id": "",
                "network_interface_id": "",
                "transit_gateway_id": "",
                "vpc_peering_connection_id": ""
              }
            ],
            "tags": null,
            "vpc_id": "vpc-0de7f51b00ab78159"
          },
          "depends_on": [
            "aws_internet_gateway.InternetGateway",
            "aws_vpc.VPC"
          ]
        }
      ]
    },
    {
      "mode": "managed",
      "type": "aws_route_table_association",
      "name": "PrivateRouteTableOneAssociation",
      "provider": "provider.aws",
      "instances": [
        {
          "schema_version": 0,
          "attributes": {
            "id": "rtbassoc-0dbdd7ec62c61cad6",
            "route_table_id": "rtb-04a2487be02f5c6b2",
            "subnet_id": "subnet-0a8eefb496b41d9ac"
          },
          "depends_on": [
            "aws_route_table.PrivateRouteTableOne",
            "aws_subnet.PrivateSubnetOne"
          ]
        }
      ]
    },
    {
      "mode": "managed",
      "type": "aws_route_table_association",
      "name": "PrivateRouteTableTwoAssociation",
      "provider": "provider.aws",
      "instances": [
        {
          "schema_version": 0,
          "attributes": {
            "id": "rtbassoc-0724b998e532fcac9",
            "route_table_id": "rtb-02d2d039b8a99bd1e",
            "subnet_id": "subnet-0372217e657579895"
          },
          "depends_on": [
            "aws_route_table.PrivateRouteTableTwo",
            "aws_subnet.PrivateSubnetTwo"
          ]
        }
      ]
    },
    {
      "mode": "managed",
      "type": "aws_route_table_association",
      "name": "PublicSubnetOneRouteTableAssociation",
      "provider": "provider.aws",
      "instances": [
        {
          "schema_version": 0,
          "attributes": {
            "id": "rtbassoc-0770358074df228a7",
            "route_table_id": "rtb-051593808869a3571",
            "subnet_id": "subnet-0ff98d1e79aa9a2fc"
          },
          "depends_on": [
            "aws_route_table.PublicRouteTable",
            "aws_subnet.PublicSubnetOne"
          ]
        }
      ]
    },
    {
      "mode": "managed",
      "type": "aws_route_table_association",
      "name": "PublicSubnetTwoRouteTableAssociation",
      "provider": "provider.aws",
      "instances": [
        {
          "schema_version": 0,
          "attributes": {
            "id": "rtbassoc-0def8be824968398f",
            "route_table_id": "rtb-051593808869a3571",
            "subnet_id": "subnet-07b54a0acc114c8c8"
          },
          "depends_on": [
            "aws_route_table.PublicRouteTable",
            "aws_subnet.PublicSubnetTwo"
          ]
        }
      ]
    },
    {
      "mode": "managed",
      "type": "aws_security_group",
      "name": "FargateContainerSecurityGroup",
      "provider": "provider.aws",
      "instances": [
        {
          "schema_version": 1,
          "attributes": {
            "arn": "arn:aws:ec2:us-east-1:804524942427:security-group/sg-09a209222876c4b41",
            "description": "Access to the fargate containers from the Internet",
            "egress": [],
            "id": "sg-09a209222876c4b41",
            "ingress": [],
            "name": "KCH Matumaini SG",
            "name_prefix": null,
            "owner_id": "804524942427",
            "revoke_rules_on_delete": false,
            "tags": null,
            "timeouts": null,
            "vpc_id": "vpc-0de7f51b00ab78159"
          },
          "depends_on": [
            "aws_vpc.VPC"
          ]
        }
      ]
    },
    {
      "mode": "managed",
      "type": "aws_security_group_rule",
      "name": "FargateContainerSecurityGroupRule",
      "provider": "provider.aws",
      "instances": [
        {
          "schema_version": 2,
          "attributes": {
            "cidr_blocks": [
              "10.0.0.0/16"
            ],
            "description": null,
            "from_port": 0,
            "id": "sgrule-2347520372",
            "ipv6_cidr_blocks": null,
            "prefix_list_ids": null,
            "protocol": "-1",
            "security_group_id": "sg-09a209222876c4b41",
            "self": false,
            "source_security_group_id": null,
            "to_port": 0,
            "type": "ingress"
          },
          "depends_on": [
            "aws_security_group.FargateContainerSecurityGroup"
          ]
        }
      ]
    },
    {
      "mode": "managed",
      "type": "aws_subnet",
      "name": "PrivateSubnetOne",
      "provider": "provider.aws",
      "instances": [
        {
          "schema_version": 1,
          "attributes": {
            "arn": "arn:aws:ec2:us-east-1:804524942427:subnet/subnet-0a8eefb496b41d9ac",
            "assign_ipv6_address_on_creation": false,
            "availability_zone": "us-east-1a",
            "availability_zone_id": "use1-az4",
            "cidr_block": "10.0.2.0/24",
            "id": "subnet-0a8eefb496b41d9ac",
            "ipv6_cidr_block": "",
            "ipv6_cidr_block_association_id": "",
            "map_public_ip_on_launch": false,
            "owner_id": "804524942427",
            "tags": null,
            "timeouts": null,
            "vpc_id": "vpc-0de7f51b00ab78159"
          },
          "depends_on": [
            "aws_vpc.VPC",
            "data.aws_availability_zones.AZ"
          ]
        }
      ]
    },
    {
      "mode": "managed",
      "type": "aws_subnet",
      "name": "PrivateSubnetTwo",
      "provider": "provider.aws",
      "instances": [
        {
          "schema_version": 1,
          "attributes": {
            "arn": "arn:aws:ec2:us-east-1:804524942427:subnet/subnet-0372217e657579895",
            "assign_ipv6_address_on_creation": false,
            "availability_zone": "us-east-1b",
            "availability_zone_id": "use1-az6",
            "cidr_block": "10.0.3.0/24",
            "id": "subnet-0372217e657579895",
            "ipv6_cidr_block": "",
            "ipv6_cidr_block_association_id": "",
            "map_public_ip_on_launch": false,
            "owner_id": "804524942427",
            "tags": null,
            "timeouts": null,
            "vpc_id": "vpc-0de7f51b00ab78159"
          },
          "depends_on": [
            "aws_vpc.VPC",
            "data.aws_availability_zones.AZ"
          ]
        }
      ]
    },
    {
      "mode": "managed",
      "type": "aws_subnet",
      "name": "PublicSubnetOne",
      "provider": "provider.aws",
      "instances": [
        {
          "schema_version": 1,
          "attributes": {
            "arn": "arn:aws:ec2:us-east-1:804524942427:subnet/subnet-0ff98d1e79aa9a2fc",
            "assign_ipv6_address_on_creation": false,
            "availability_zone": "us-east-1a",
            "availability_zone_id": "use1-az4",
            "cidr_block": "10.0.0.0/24",
            "id": "subnet-0ff98d1e79aa9a2fc",
            "ipv6_cidr_block": "",
            "ipv6_cidr_block_association_id": "",
            "map_public_ip_on_launch": true,
            "owner_id": "804524942427",
            "tags": null,
            "timeouts": null,
            "vpc_id": "vpc-0de7f51b00ab78159"
          },
          "depends_on": [
            "aws_vpc.VPC",
            "data.aws_availability_zones.AZ"
          ]
        }
      ]
    },
    {
      "mode": "managed",
      "type": "aws_subnet",
      "name": "PublicSubnetTwo",
      "provider": "provider.aws",
      "instances": [
        {
          "schema_version": 1,
          "attributes": {
            "arn": "arn:aws:ec2:us-east-1:804524942427:subnet/subnet-07b54a0acc114c8c8",
            "assign_ipv6_address_on_creation": false,
            "availability_zone": "us-east-1b",
            "availability_zone_id": "use1-az6",
            "cidr_block": "10.0.1.0/24",
            "id": "subnet-07b54a0acc114c8c8",
            "ipv6_cidr_block": "",
            "ipv6_cidr_block_association_id": "",
            "map_public_ip_on_launch": true,
            "owner_id": "804524942427",
            "tags": null,
            "timeouts": null,
            "vpc_id": "vpc-0de7f51b00ab78159"
          },
          "depends_on": [
            "aws_vpc.VPC",
            "data.aws_availability_zones.AZ"
          ]
        }
      ]
    },
    {
      "mode": "managed",
      "type": "aws_vpc",
      "name": "VPC",
      "provider": "provider.aws",
      "instances": [
        {
          "schema_version": 1,
          "attributes": {
            "arn": "arn:aws:ec2:us-east-1:804524942427:vpc/vpc-0de7f51b00ab78159",
            "assign_generated_ipv6_cidr_block": false,
            "cidr_block": "10.0.0.0/16",
            "default_network_acl_id": "acl-0b34dbc1409e41d51",
            "default_route_table_id": "rtb-07a09f9216d819474",
            "default_security_group_id": "sg-0cd4c2df3204a0472",
            "dhcp_options_id": "dopt-c385f4b8",
            "enable_classiclink": false,
            "enable_classiclink_dns_support": false,
            "enable_dns_hostnames": true,
            "enable_dns_support": true,
            "id": "vpc-0de7f51b00ab78159",
            "instance_tenancy": "default",
            "ipv6_association_id": "",
            "ipv6_cidr_block": "",
            "main_route_table_id": "rtb-07a09f9216d819474",
            "owner_id": "804524942427",
            "tags": null
          }
        }
      ]
    },
    {
      "mode": "managed",
      "type": "aws_vpc_endpoint",
      "name": "DynamoDBEndpoint",
      "provider": "provider.aws",
      "instances": [
        {
          "schema_version": 0,
          "attributes": {
            "auto_accept": null,
            "cidr_blocks": [
              "52.94.0.0/22",
              "52.119.224.0/20"
            ],
            "dns_entry": [],
            "id": "vpce-01822e9e9d91aa0e2",
            "network_interface_ids": [],
            "policy": "{\"Id\":\"MyPolicy\",\"Statement\":[{\"Action\":\"*\",\"Effect\":\"Allow\",\"Principal\":\"*\",\"Resource\":\"*\"}],\"Version\":\"2012-10-17\"}",
            "prefix_list_id": "pl-02cd2c6b",
            "private_dns_enabled": false,
            "route_table_ids": [
              "rtb-02d2d039b8a99bd1e",
              "rtb-04a2487be02f5c6b2"
            ],
            "security_group_ids": [],
            "service_name": "com.amazonaws.us-east-1.dynamodb",
            "state": "available",
            "subnet_ids": [],
            "timeouts": null,
            "vpc_endpoint_type": "Gateway",
            "vpc_id": "vpc-0de7f51b00ab78159"
          },
          "depends_on": [
            "aws_route_table.PrivateRouteTableOne",
            "aws_route_table.PrivateRouteTableTwo",
            "aws_vpc.VPC",
            "data.aws_region.AWSRegion"
          ]
        }
      ]
    }
  ]
}
