{
  "version": 4,
  "terraform_version": "0.12.0",
  "serial": 406,
  "lineage": "16f6f6be-1095-d0d8-ad59-f37222bd1ad3",
  "outputs": {
    "REPLACE_ME_ECS_SERVICE_ROLE_ARN": {
      "value": "arn:aws:iam::804524942427:role/EcsServiceRole",
      "type": "string"
    },
    "REPLACE_ME_ECS_TASK_ROLE_ARN": {
      "value": "arn:aws:iam::804524942427:role/ECSTaskRole",
      "type": "string"
    },
    "REPLACE_ME_PRIVATE_SUBNET_ONE": {
      "value": "subnet-0e5a383a971b1c114",
      "type": "string"
    },
    "REPLACE_ME_PRIVATE_SUBNET_TWO": {
      "value": "subnet-01003507af57e0593",
      "type": "string"
    },
    "REPLACE_ME_PUBLIC_SUBNET_ONE": {
      "value": "subnet-093120505c4418dd8",
      "type": "string"
    },
    "REPLACE_ME_PUBLIC_SUBNET_TWO": {
      "value": "subnet-049d2602117c67b1f",
      "type": "string"
    },
    "REPLACE_ME_SECURITY_GROUP_ID": {
      "value": "sg-0f990a2c2f54149fe",
      "type": "string"
    },
    "REPLACE_ME_VPC_ID": {
      "value": "vpc-027232090e19b2586",
      "type": "string"
    }
  },
  "resources": [
    {
      "mode": "data",
      "type": "aws_availability_zones",
      "name": "AZ",
      "provider": "provider.aws",
      "instances": [
        {
          "schema_version": 0,
          "attributes": {
            "blacklisted_names": null,
            "blacklisted_zone_ids": null,
            "id": "2020-01-28 22:59:30.160051 +0000 UTC",
            "names": [
              "us-east-1a",
              "us-east-1b",
              "us-east-1c",
              "us-east-1d",
              "us-east-1e",
              "us-east-1f"
            ],
            "state": null,
            "zone_ids": [
              "use1-az4",
              "use1-az6",
              "use1-az1",
              "use1-az2",
              "use1-az3",
              "use1-az5"
            ]
          }
        }
      ]
    },
    {
      "mode": "data",
      "type": "aws_billing_service_account",
      "name": "Account",
      "provider": "provider.aws",
      "instances": [
        {
          "schema_version": 0,
          "attributes": {
            "arn": "arn:aws:iam::386209384616:root",
            "id": "386209384616"
          }
        }
      ]
    },
    {
      "mode": "data",
      "type": "aws_region",
      "name": "AWSRegion",
      "provider": "provider.aws",
      "instances": [
        {
          "schema_version": 0,
          "attributes": {
            "current": null,
            "description": "US East (N. Virginia)",
            "endpoint": "ec2.us-east-1.amazonaws.com",
            "id": "us-east-1",
            "name": "us-east-1"
          }
        }
      ]
    },
    {
      "mode": "managed",
      "type": "aws_cloudwatch_log_group",
      "name": "KCHMatumainiLogGroup",
      "provider": "provider.aws",
      "instances": [
        {
          "schema_version": 0,
          "attributes": {
            "arn": "arn:aws:logs:us-east-1:804524942427:log-group:kchmatumaini-logs:*",
            "id": "kchmatumaini-logs",
            "kms_key_id": "",
            "name": "kchmatumaini-logs",
            "name_prefix": null,
            "retention_in_days": 0,
            "tags": null
          }
        }
      ]
    },
    {
      "mode": "managed",
      "type": "aws_dynamodb_table",
      "name": "AppDB",
      "provider": "provider.aws",
      "instances": [
        {
          "schema_version": 1,
          "attributes": {
            "arn": "arn:aws:dynamodb:us-east-1:804524942427:table/KCHMatumainiDB",
            "attribute": [
              {
                "name": "ChildId",
                "type": "S"
              },
              {
                "name": "PrimarySecondary",
                "type": "S"
              },
              {
                "name": "Sponsored",
                "type": "S"
              }
            ],
            "billing_mode": "PROVISIONED",
            "global_secondary_index": [
              {
                "hash_key": "PrimarySecondary",
                "name": "PrimarySecondaryIndex",
                "non_key_attributes": [
                  "ChildId"
                ],
                "projection_type": "INCLUDE",
                "range_key": "ChildId",
                "read_capacity": 5,
                "write_capacity": 5
              },
              {
                "hash_key": "Sponsored",
                "name": "SponsoredIndex",
                "non_key_attributes": [
                  "ChildId"
                ],
                "projection_type": "INCLUDE",
                "range_key": "ChildId",
                "read_capacity": 5,
                "write_capacity": 5
              }
            ],
            "hash_key": "ChildId",
            "id": "KCHMatumainiDB",
            "local_secondary_index": [],
            "name": "KCHMatumainiDB",
            "point_in_time_recovery": [
              {
                "enabled": false
              }
            ],
            "range_key": null,
            "read_capacity": 5,
            "server_side_encryption": [],
            "stream_arn": "",
            "stream_enabled": false,
            "stream_label": "",
            "stream_view_type": "",
            "tags": null,
            "timeouts": null,
            "ttl": [
              {
                "attribute_name": "",
                "enabled": false
              }
            ],
            "write_capacity": 5
          }
        }
      ]
    },
    {
      "mode": "managed",
      "type": "aws_ecs_cluster",
      "name": "KCHMatumainiECSCluster",
      "provider": "provider.aws",
      "instances": [
        {
          "schema_version": 0,
          "attributes": {
            "arn": "arn:aws:ecs:us-east-1:804524942427:cluster/KCHMatumaini-Cluster",
            "id": "arn:aws:ecs:us-east-1:804524942427:cluster/KCHMatumaini-Cluster",
            "name": "KCHMatumaini-Cluster",
            "tags": null
          }
        }
      ]
    },
    {
      "mode": "managed",
      "type": "aws_ecs_service",
      "name": "main",
      "provider": "provider.aws",
      "instances": [
        {
          "schema_version": 0,
          "attributes": {
            "cluster": "arn:aws:ecs:us-east-1:804524942427:cluster/KCHMatumaini-Cluster",
            "deployment_controller": [
              {
                "type": "ECS"
              }
            ],
            "deployment_maximum_percent": 200,
            "deployment_minimum_healthy_percent": 100,
            "desired_count": 1,
            "enable_ecs_managed_tags": false,
            "health_check_grace_period_seconds": 0,
            "iam_role": "aws-service-role",
            "id": "arn:aws:ecs:us-east-1:804524942427:service/KCHMatumaini-Service",
            "launch_type": "FARGATE",
            "load_balancer": [
              {
                "container_name": "kchmatumainiservice",
                "container_port": 8080,
                "elb_name": "",
                "target_group_arn": "arn:aws:elasticloadbalancing:us-east-1:804524942427:targetgroup/KCHMatumaini-TG/d2243148a868d5f9"
              }
            ],
            "name": "KCHMatumaini-Service",
            "network_configuration": [
              {
                "assign_public_ip": false,
                "security_groups": [
                  "sg-0f990a2c2f54149fe"
                ],
                "subnets": [
                  "subnet-01003507af57e0593",
                  "subnet-0e5a383a971b1c114"
                ]
              }
            ],
            "ordered_placement_strategy": [],
            "placement_constraints": [],
            "placement_strategy": [],
            "platform_version": "LATEST",
            "propagate_tags": "NONE",
            "scheduling_strategy": "REPLICA",
            "service_registries": [],
            "tags": null,
            "task_definition": "arn:aws:ecs:us-east-1:804524942427:task-definition/kchmatumainiservice:5"
          },
          "depends_on": [
            "aws_ecs_cluster.KCHMatumainiECSCluster",
            "aws_ecs_task_definition.KCHMatumainiECSTaskDef",
            "aws_lb_listener.AppNLBListener",
            "aws_lb_target_group.AppNLBTargetGroup",
            "aws_security_group.FargateContainerSecurityGroup",
            "aws_subnet.PrivateSubnetOne",
            "aws_subnet.PrivateSubnetTwo"
          ]
        }
      ]
    },
    {
      "mode": "managed",
      "type": "aws_ecs_task_definition",
      "name": "KCHMatumainiECSTaskDef",
      "provider": "provider.aws",
      "instances": [
        {
          "schema_version": 1,
          "attributes": {
            "arn": "arn:aws:ecs:us-east-1:804524942427:task-definition/kchmatumainiservice:5",
            "container_definitions": "[{\"cpu\":256,\"environment\":[],\"essential\":true,\"image\":\"image\",\"memory\":512,\"mountPoints\":[],\"name\":\"kchmatumainiservice\",\"portMappings\":[{\"containerPort\":8080,\"hostPort\":8080,\"protocol\":\"tcp\"}],\"volumesFrom\":[]}]",
            "cpu": "256",
            "execution_role_arn": "",
            "family": "kchmatumainiservice",
            "id": "kchmatumainiservice",
            "ipc_mode": null,
            "memory": "512",
            "network_mode": "awsvpc",
            "pid_mode": null,
            "placement_constraints": [],
            "requires_compatibilities": [
              "FARGATE"
            ],
            "revision": 5,
            "tags": null,
            "task_role_arn": "",
            "volume": []
          }
        }
      ]
    },
    {
      "mode": "managed",
      "type": "aws_eip",
      "name": "NatGatewayOneAttachment",
      "provider": "provider.aws",
      "instances": [
        {
          "schema_version": 0,
          "attributes": {
            "allocation_id": null,
            "associate_with_private_ip": null,
            "association_id": "",
            "domain": "vpc",
            "id": "eipalloc-093665d9b33321f86",
            "instance": "",
            "network_interface": "",
            "private_dns": null,
            "private_ip": "",
            "public_dns": "ec2-34-194-211-78.compute-1.amazonaws.com",
            "public_ip": "34.194.211.78",
            "public_ipv4_pool": "amazon",
            "tags": null,
            "timeouts": null,
            "vpc": true
          },
          "depends_on": [
            "aws_internet_gateway.InternetGateway"
          ]
        }
      ]
    },
    {
      "mode": "managed",
      "type": "aws_eip",
      "name": "NatGatewayTwoAttachment",
      "provider": "provider.aws",
      "instances": [
        {
          "schema_version": 0,
          "attributes": {
            "allocation_id": null,
            "associate_with_private_ip": null,
            "association_id": "",
            "domain": "vpc",
            "id": "eipalloc-0a89efcd60ec73c17",
            "instance": "",
            "network_interface": "",
            "private_dns": null,
            "private_ip": "",
            "public_dns": "ec2-52-3-70-207.compute-1.amazonaws.com",
            "public_ip": "52.3.70.207",
            "public_ipv4_pool": "amazon",
            "tags": null,
            "timeouts": null,
            "vpc": true
          },
          "depends_on": [
            "aws_internet_gateway.InternetGateway"
          ]
        }
      ]
    },
    {
      "mode": "managed",
      "type": "aws_iam_policy",
      "name": "ECSTaskRolePolicy",
      "provider": "provider.aws",
      "instances": [
        {
          "schema_version": 0,
          "attributes": {
            "arn": "arn:aws:iam::804524942427:policy/terraform-20200128225934858100000001",
            "description": "",
            "id": "arn:aws:iam::804524942427:policy/terraform-20200128225934858100000001",
            "name": "terraform-20200128225934858100000001",
            "name_prefix": null,
            "path": "/",
            "policy": "{\n  \"Version\": \"2012-10-17\",\n\t\"Statement\": [\n\t\t{\n\t\t\t\"Effect\": \"Allow\",\n\t\t\t\"Action\": [\n\t\t\t\t\"ecr:GetAuthorizationToken\",\n\t\t\t\t\"ecr:BatchCheckLayerAvailability\",\n\t\t\t\t\"ecr:GetDownloadUrlForLayer\",\n\t\t\t\t\"ecr:BatchGetImage\",\n\t\t\t\t\"logs:CreateLogStream\",\n\t\t\t\t\"logs:CreateLogGroup\",\n\t\t\t\t\"logs:PutLogEvents\"\n\t\t\t],\n\t\t\t\"Resource\": \"*\"\n\t\t},\n\t\t{\n\t\t\t\"Effect\": \"Allow\",\n\t\t\t\"Action\": [\n\t\t\t\t\"dynamodb:Scan\",\n\t\t\t\t\"dynamodb:Query\",\n\t\t\t\t\"dynamodb:UpdateItem\",\n\t\t\t\t\"dynamodb:GetItem\"\n\t\t\t],\n\t\t\t\"Resource\": \"arn:aws:dynamodb:*:*:table/KCHTable*\"\n\t\t}\n\t]\n}\n"
          }
        }
      ]
    },
    {
      "mode": "managed",
      "type": "aws_iam_policy",
      "name": "EcsServiceRolePolicy",
      "provider": "provider.aws",
      "instances": [
        {
          "schema_version": 0,
          "attributes": {
            "arn": "arn:aws:iam::804524942427:policy/ecs-service",
            "description": "",
            "id": "arn:aws:iam::804524942427:policy/ecs-service",
            "name": "ecs-service",
            "name_prefix": null,
            "path": "/",
            "policy": "{\n  \"Version\": \"2012-10-17\",\n  \"Statement\": [\n    {\n      \"Action\": [\n        \"ec2:AttachNetworkInterface\",\n        \"ec2:CreateNetworkInterface\",\n        \"ec2:CreateNetworkInterfacePermission\",\n        \"ec2:DeleteNetworkInterface\",\n        \"ec2:DeleteNetworkInterfacePermission\",\n        \"ec2:Describe*\",\n        \"ec2:DetachNetworkInterface\",\n        \"elasticloadbalancing:DeregisterInstancesFromLoadBalancer\",\n        \"elasticloadbalancing:DeregisterTargets\",\n        \"elasticloadbalancing:Describe*\",\n        \"elasticloadbalancing:RegisterInstancesWithLoadBalancer\",\n        \"elasticloadbalancing:RegisterTargets\",\n        \"iam:PassRole\",\n        \"ecr:GetAuthorizationToken\",\n        \"ecr:BatchCheckLayerAvailability\",\n        \"ecr:GetDownloadUrlForLayer\",\n        \"ecr:BatchGetImage\",\n        \"logs:DescribeLogStreams\",\n        \"logs:CreateLogStream\",\n        \"logs:CreateLogGroup\",\n        \"logs:PutLogEvents\"\n      ],\n      \"Effect\": \"Allow\",\n      \"Resource\": \"*\"\n    }\n  ]\n}\n"
          }
        }
      ]
    },
    {
      "mode": "managed",
      "type": "aws_iam_policy_attachment",
      "name": "EcsServiceRoleAttachment",
      "provider": "provider.aws",
      "instances": [
        {
          "schema_version": 0,
          "attributes": {
            "groups": null,
            "id": "EcsServiceRoleAttachment",
            "name": "EcsServiceRoleAttachment",
            "policy_arn": "arn:aws:iam::804524942427:policy/ecs-service",
            "roles": [
              "EcsServiceRole"
            ],
            "users": null
          },
          "depends_on": [
            "aws_iam_policy.EcsServiceRolePolicy",
            "aws_iam_role.EcsServiceRole"
          ]
        }
      ]
    },
    {
      "mode": "managed",
      "type": "aws_iam_policy_attachment",
      "name": "EcsServiceTaskRoleAttachment",
      "provider": "provider.aws",
      "instances": [
        {
          "schema_version": 0,
          "attributes": {
            "groups": null,
            "id": "EcsServiceTaskRoleAttachment",
            "name": "EcsServiceTaskRoleAttachment",
            "policy_arn": "arn:aws:iam::804524942427:policy/terraform-20200128225934858100000001",
            "roles": [
              "ECSTaskRole"
            ],
            "users": null
          },
          "depends_on": [
            "aws_iam_policy.ECSTaskRolePolicy",
            "aws_iam_role.ECSTaskRole"
          ]
        }
      ]
    },
    {
      "mode": "managed",
      "type": "aws_iam_role",
      "name": "ECSTaskRole",
      "provider": "provider.aws",
      "instances": [
        {
          "schema_version": 0,
          "attributes": {
            "arn": "arn:aws:iam::804524942427:role/ECSTaskRole",
            "assume_role_policy": "{\"Version\":\"2012-10-17\",\"Statement\":[{\"Effect\":\"Allow\",\"Principal\":{\"Service\":\"ecs-tasks.amazonaws.com\"},\"Action\":\"sts:AssumeRole\"}]}",
            "create_date": "2020-01-28T22:59:35Z",
            "description": "",
            "force_detach_policies": false,
            "id": "ECSTaskRole",
            "max_session_duration": 3600,
            "name": "ECSTaskRole",
            "name_prefix": null,
            "path": "/",
            "permissions_boundary": null,
            "tags": null,
            "unique_id": "AROA3WULMMRNXNNK3L2WA"
          }
        }
      ]
    },
    {
      "mode": "managed",
      "type": "aws_iam_role",
      "name": "EcsServiceRole",
      "provider": "provider.aws",
      "instances": [
        {
          "schema_version": 0,
          "attributes": {
            "arn": "arn:aws:iam::804524942427:role/EcsServiceRole",
            "assume_role_policy": "{\"Version\":\"2012-10-17\",\"Statement\":[{\"Effect\":\"Allow\",\"Principal\":{\"Service\":[\"ecs-tasks.amazonaws.com\",\"ecs.amazonaws.com\"]},\"Action\":\"sts:AssumeRole\"}]}",
            "create_date": "2020-01-28T22:59:35Z",
            "description": "",
            "force_detach_policies": false,
            "id": "EcsServiceRole",
            "max_session_duration": 3600,
            "name": "EcsServiceRole",
            "name_prefix": null,
            "path": "/",
            "permissions_boundary": null,
            "tags": null,
            "unique_id": "AROA3WULMMRNWNMEHGILJ"
          }
        }
      ]
    },
    {
      "mode": "managed",
      "type": "aws_internet_gateway",
      "name": "InternetGateway",
      "provider": "provider.aws",
      "instances": [
        {
          "schema_version": 0,
          "attributes": {
            "id": "igw-08cf97f451e5c9246",
            "owner_id": "804524942427",
            "tags": null,
            "vpc_id": "vpc-027232090e19b2586"
          },
          "depends_on": [
            "aws_vpc.VPC"
          ]
        }
      ]
    },
    {
      "mode": "managed",
      "type": "aws_lb",
      "name": "AppNLB",
      "provider": "provider.aws",
      "instances": [
        {
          "schema_version": 0,
          "attributes": {
            "access_logs": [
              {
                "bucket": "",
                "enabled": false,
                "prefix": ""
              }
            ],
            "arn": "arn:aws:elasticloadbalancing:us-east-1:804524942427:loadbalancer/net/kchmatumaini-nlb/16f5f9d41fa7ccd4",
            "arn_suffix": "net/kchmatumaini-nlb/16f5f9d41fa7ccd4",
            "dns_name": "kchmatumaini-nlb-16f5f9d41fa7ccd4.elb.us-east-1.amazonaws.com",
            "enable_cross_zone_load_balancing": false,
            "enable_deletion_protection": false,
            "enable_http2": null,
            "id": "arn:aws:elasticloadbalancing:us-east-1:804524942427:loadbalancer/net/kchmatumaini-nlb/16f5f9d41fa7ccd4",
            "idle_timeout": null,
            "internal": false,
            "ip_address_type": "ipv4",
            "load_balancer_type": "network",
            "name": "kchmatumaini-nlb",
            "name_prefix": null,
            "security_groups": [],
            "subnet_mapping": [
              {
                "allocation_id": "",
                "subnet_id": "subnet-049d2602117c67b1f"
              },
              {
                "allocation_id": "",
                "subnet_id": "subnet-093120505c4418dd8"
              }
            ],
            "subnets": [
              "subnet-049d2602117c67b1f",
              "subnet-093120505c4418dd8"
            ],
            "tags": null,
            "timeouts": null,
            "vpc_id": "vpc-027232090e19b2586",
            "zone_id": "Z26RNL4JYFTOTI"
          },
          "depends_on": [
            "aws_subnet.PublicSubnetOne",
            "aws_subnet.PublicSubnetTwo"
          ]
        }
      ]
    },
    {
      "mode": "managed",
      "type": "aws_lb_listener",
      "name": "AppNLBListener",
      "provider": "provider.aws",
      "instances": [
        {
          "schema_version": 0,
          "attributes": {
            "arn": "arn:aws:elasticloadbalancing:us-east-1:804524942427:listener/net/kchmatumaini-nlb/16f5f9d41fa7ccd4/65b0502dabc8f4ef",
            "certificate_arn": null,
            "default_action": [
              {
                "authenticate_cognito": [],
                "authenticate_oidc": [],
                "fixed_response": [],
                "order": 1,
                "redirect": [],
                "target_group_arn": "arn:aws:elasticloadbalancing:us-east-1:804524942427:targetgroup/KCHMatumaini-TG/d2243148a868d5f9",
                "type": "forward"
              }
            ],
            "id": "arn:aws:elasticloadbalancing:us-east-1:804524942427:listener/net/kchmatumaini-nlb/16f5f9d41fa7ccd4/65b0502dabc8f4ef",
            "load_balancer_arn": "arn:aws:elasticloadbalancing:us-east-1:804524942427:loadbalancer/net/kchmatumaini-nlb/16f5f9d41fa7ccd4",
            "port": 80,
            "protocol": "TCP",
            "ssl_policy": "",
            "timeouts": null
          },
          "depends_on": [
            "aws_lb.AppNLB",
            "aws_lb_target_group.AppNLBTargetGroup"
          ]
        }
      ]
    },
    {
      "mode": "managed",
      "type": "aws_lb_target_group",
      "name": "AppNLBTargetGroup",
      "provider": "provider.aws",
      "instances": [
        {
          "schema_version": 0,
          "attributes": {
            "arn": "arn:aws:elasticloadbalancing:us-east-1:804524942427:targetgroup/KCHMatumaini-TG/d2243148a868d5f9",
            "arn_suffix": "targetgroup/KCHMatumaini-TG/d2243148a868d5f9",
            "deregistration_delay": 300,
            "health_check": [
              {
                "enabled": true,
                "healthy_threshold": 3,
                "interval": 10,
                "matcher": "200-399",
                "path": "/",
                "port": "traffic-port",
                "protocol": "HTTP",
                "timeout": 6,
                "unhealthy_threshold": 3
              }
            ],
            "id": "arn:aws:elasticloadbalancing:us-east-1:804524942427:targetgroup/KCHMatumaini-TG/d2243148a868d5f9",
            "lambda_multi_value_headers_enabled": false,
            "name": "KCHMatumaini-TG",
            "name_prefix": null,
            "port": 8080,
            "protocol": "TCP",
            "proxy_protocol_v2": false,
            "slow_start": 0,
            "stickiness": [],
            "tags": null,
            "target_type": "ip",
            "vpc_id": "vpc-027232090e19b2586"
          },
          "depends_on": [
            "aws_vpc.VPC"
          ]
        }
      ]
    },
    {
      "mode": "managed",
      "type": "aws_nat_gateway",
      "name": "NatGatewayOne",
      "provider": "provider.aws",
      "instances": [
        {
          "schema_version": 0,
          "attributes": {
            "allocation_id": "eipalloc-093665d9b33321f86",
            "id": "nat-07a62337a506e5fbe",
            "network_interface_id": "eni-09771284f74b4cd28",
            "private_ip": "10.0.0.60",
            "public_ip": "34.194.211.78",
            "subnet_id": "subnet-093120505c4418dd8",
            "tags": null
          },
          "depends_on": [
            "aws_eip.NatGatewayOneAttachment",
            "aws_subnet.PublicSubnetOne"
          ]
        }
      ]
    },
    {
      "mode": "managed",
      "type": "aws_nat_gateway",
      "name": "NatGatewayTwo",
      "provider": "provider.aws",
      "instances": [
        {
          "schema_version": 0,
          "attributes": {
            "allocation_id": "eipalloc-0a89efcd60ec73c17",
            "id": "nat-0ee654a11b89410de",
            "network_interface_id": "eni-0abb7f17ba88fd034",
            "private_ip": "10.0.1.252",
            "public_ip": "52.3.70.207",
            "subnet_id": "subnet-049d2602117c67b1f",
            "tags": null
          },
          "depends_on": [
            "aws_eip.NatGatewayTwoAttachment",
            "aws_subnet.PublicSubnetTwo"
          ]
        }
      ]
    },
    {
      "mode": "managed",
      "type": "aws_route",
      "name": "PrivateRouteOne",
      "provider": "provider.aws",
      "instances": [
        {
          "schema_version": 0,
          "attributes": {
            "destination_cidr_block": "0.0.0.0/0",
            "destination_ipv6_cidr_block": null,
            "destination_prefix_list_id": "",
            "egress_only_gateway_id": "",
            "gateway_id": "",
            "id": "r-rtb-0625796a0629ce8871080289494",
            "instance_id": "",
            "instance_owner_id": "",
            "nat_gateway_id": "nat-07a62337a506e5fbe",
            "network_interface_id": "",
            "origin": "CreateRoute",
            "route_table_id": "rtb-0625796a0629ce887",
            "state": "active",
            "timeouts": null,
            "transit_gateway_id": "",
            "vpc_peering_connection_id": ""
          },
          "depends_on": [
            "aws_nat_gateway.NatGatewayOne",
            "aws_route_table.PrivateRouteTableOne"
          ]
        }
      ]
    },
    {
      "mode": "managed",
      "type": "aws_route",
      "name": "PrivateRouteTwo",
      "provider": "provider.aws",
      "instances": [
        {
          "schema_version": 0,
          "attributes": {
            "destination_cidr_block": "0.0.0.0/0",
            "destination_ipv6_cidr_block": null,
            "destination_prefix_list_id": "",
            "egress_only_gateway_id": "",
            "gateway_id": "",
            "id": "r-rtb-0aba95bc391433d511080289494",
            "instance_id": "",
            "instance_owner_id": "",
            "nat_gateway_id": "nat-0ee654a11b89410de",
            "network_interface_id": "",
            "origin": "CreateRoute",
            "route_table_id": "rtb-0aba95bc391433d51",
            "state": "active",
            "timeouts": null,
            "transit_gateway_id": "",
            "vpc_peering_connection_id": ""
          },
          "depends_on": [
            "aws_nat_gateway.NatGatewayTwo",
            "aws_route_table.PrivateRouteTableTwo"
          ]
        }
      ]
    },
    {
      "mode": "managed",
      "type": "aws_route",
      "name": "PublicRoute",
      "provider": "provider.aws",
      "instances": [
        {
          "schema_version": 0,
          "attributes": {
            "destination_cidr_block": "0.0.0.0/0",
            "destination_ipv6_cidr_block": null,
            "destination_prefix_list_id": "",
            "egress_only_gateway_id": "",
            "gateway_id": "igw-08cf97f451e5c9246",
            "id": "r-rtb-05753d3b926de60fd1080289494",
            "instance_id": "",
            "instance_owner_id": "",
            "nat_gateway_id": "",
            "network_interface_id": "",
            "origin": "CreateRoute",
            "route_table_id": "rtb-05753d3b926de60fd",
            "state": "active",
            "timeouts": null,
            "transit_gateway_id": "",
            "vpc_peering_connection_id": ""
          },
          "depends_on": [
            "aws_internet_gateway.InternetGateway",
            "aws_route_table.PublicRouteTable"
          ]
        }
      ]
    },
    {
      "mode": "managed",
      "type": "aws_route_table",
      "name": "PrivateRouteTableOne",
      "provider": "provider.aws",
      "instances": [
        {
          "schema_version": 0,
          "attributes": {
            "id": "rtb-0625796a0629ce887",
            "owner_id": "804524942427",
            "propagating_vgws": [],
            "route": [],
            "tags": null,
            "vpc_id": "vpc-027232090e19b2586"
          },
          "depends_on": [
            "aws_vpc.VPC"
          ]
        }
      ]
    },
    {
      "mode": "managed",
      "type": "aws_route_table",
      "name": "PrivateRouteTableTwo",
      "provider": "provider.aws",
      "instances": [
        {
          "schema_version": 0,
          "attributes": {
            "id": "rtb-0aba95bc391433d51",
            "owner_id": "804524942427",
            "propagating_vgws": [],
            "route": [],
            "tags": null,
            "vpc_id": "vpc-027232090e19b2586"
          },
          "depends_on": [
            "aws_vpc.VPC"
          ]
        }
      ]
    },
    {
      "mode": "managed",
      "type": "aws_route_table",
      "name": "PublicRouteTable",
      "provider": "provider.aws",
      "instances": [
        {
          "schema_version": 0,
          "attributes": {
            "id": "rtb-05753d3b926de60fd",
            "owner_id": "804524942427",
            "propagating_vgws": [],
            "route": [
              {
                "cidr_block": "0.0.0.0/0",
                "egress_only_gateway_id": "",
                "gateway_id": "igw-08cf97f451e5c9246",
                "instance_id": "",
                "ipv6_cidr_block": "",
                "nat_gateway_id": "",
                "network_interface_id": "",
                "transit_gateway_id": "",
                "vpc_peering_connection_id": ""
              }
            ],
            "tags": null,
            "vpc_id": "vpc-027232090e19b2586"
          },
          "depends_on": [
            "aws_internet_gateway.InternetGateway",
            "aws_vpc.VPC"
          ]
        }
      ]
    },
    {
      "mode": "managed",
      "type": "aws_route_table_association",
      "name": "PrivateRouteTableOneAssociation",
      "provider": "provider.aws",
      "instances": [
        {
          "schema_version": 0,
          "attributes": {
            "id": "rtbassoc-094ee5225947b4a81",
            "route_table_id": "rtb-0625796a0629ce887",
            "subnet_id": "subnet-0e5a383a971b1c114"
          },
          "depends_on": [
            "aws_route_table.PrivateRouteTableOne",
            "aws_subnet.PrivateSubnetOne"
          ]
        }
      ]
    },
    {
      "mode": "managed",
      "type": "aws_route_table_association",
      "name": "PrivateRouteTableTwoAssociation",
      "provider": "provider.aws",
      "instances": [
        {
          "schema_version": 0,
          "attributes": {
            "id": "rtbassoc-0d0632bd0b5f1eff1",
            "route_table_id": "rtb-0aba95bc391433d51",
            "subnet_id": "subnet-01003507af57e0593"
          },
          "depends_on": [
            "aws_route_table.PrivateRouteTableTwo",
            "aws_subnet.PrivateSubnetTwo"
          ]
        }
      ]
    },
    {
      "mode": "managed",
      "type": "aws_route_table_association",
      "name": "PublicSubnetOneRouteTableAssociation",
      "provider": "provider.aws",
      "instances": [
        {
          "schema_version": 0,
          "attributes": {
            "id": "rtbassoc-03e4b419c2574d96b",
            "route_table_id": "rtb-05753d3b926de60fd",
            "subnet_id": "subnet-093120505c4418dd8"
          },
          "depends_on": [
            "aws_route_table.PublicRouteTable",
            "aws_subnet.PublicSubnetOne"
          ]
        }
      ]
    },
    {
      "mode": "managed",
      "type": "aws_route_table_association",
      "name": "PublicSubnetTwoRouteTableAssociation",
      "provider": "provider.aws",
      "instances": [
        {
          "schema_version": 0,
          "attributes": {
            "id": "rtbassoc-033d32182ef5724fb",
            "route_table_id": "rtb-05753d3b926de60fd",
            "subnet_id": "subnet-049d2602117c67b1f"
          },
          "depends_on": [
            "aws_route_table.PublicRouteTable",
            "aws_subnet.PublicSubnetTwo"
          ]
        }
      ]
    },
    {
      "mode": "managed",
      "type": "aws_security_group",
      "name": "FargateContainerSecurityGroup",
      "provider": "provider.aws",
      "instances": [
        {
          "schema_version": 1,
          "attributes": {
            "arn": "arn:aws:ec2:us-east-1:804524942427:security-group/sg-0f990a2c2f54149fe",
            "description": "Access to the fargate containers from the Internet",
            "egress": [],
            "id": "sg-0f990a2c2f54149fe",
            "ingress": [],
            "name": "KCH Matumaini SG",
            "name_prefix": null,
            "owner_id": "804524942427",
            "revoke_rules_on_delete": false,
            "tags": null,
            "timeouts": null,
            "vpc_id": "vpc-027232090e19b2586"
          },
          "depends_on": [
            "aws_vpc.VPC"
          ]
        }
      ]
    },
    {
      "mode": "managed",
      "type": "aws_security_group_rule",
      "name": "FargateContainerSecurityGroupRule",
      "provider": "provider.aws",
      "instances": [
        {
          "schema_version": 2,
          "attributes": {
            "cidr_blocks": [
              "10.0.0.0/16"
            ],
            "description": null,
            "from_port": 0,
            "id": "sgrule-3463741354",
            "ipv6_cidr_blocks": null,
            "prefix_list_ids": null,
            "protocol": "-1",
            "security_group_id": "sg-0f990a2c2f54149fe",
            "self": false,
            "source_security_group_id": null,
            "to_port": 0,
            "type": "ingress"
          },
          "depends_on": [
            "aws_security_group.FargateContainerSecurityGroup"
          ]
        }
      ]
    },
    {
      "mode": "managed",
      "type": "aws_subnet",
      "name": "PrivateSubnetOne",
      "provider": "provider.aws",
      "instances": [
        {
          "schema_version": 1,
          "attributes": {
            "arn": "arn:aws:ec2:us-east-1:804524942427:subnet/subnet-0e5a383a971b1c114",
            "assign_ipv6_address_on_creation": false,
            "availability_zone": "us-east-1a",
            "availability_zone_id": "use1-az4",
            "cidr_block": "10.0.2.0/24",
            "id": "subnet-0e5a383a971b1c114",
            "ipv6_cidr_block": "",
            "ipv6_cidr_block_association_id": "",
            "map_public_ip_on_launch": false,
            "owner_id": "804524942427",
            "tags": null,
            "timeouts": null,
            "vpc_id": "vpc-027232090e19b2586"
          },
          "depends_on": [
            "aws_vpc.VPC",
            "data.aws_availability_zones.AZ"
          ]
        }
      ]
    },
    {
      "mode": "managed",
      "type": "aws_subnet",
      "name": "PrivateSubnetTwo",
      "provider": "provider.aws",
      "instances": [
        {
          "schema_version": 1,
          "attributes": {
            "arn": "arn:aws:ec2:us-east-1:804524942427:subnet/subnet-01003507af57e0593",
            "assign_ipv6_address_on_creation": false,
            "availability_zone": "us-east-1b",
            "availability_zone_id": "use1-az6",
            "cidr_block": "10.0.3.0/24",
            "id": "subnet-01003507af57e0593",
            "ipv6_cidr_block": "",
            "ipv6_cidr_block_association_id": "",
            "map_public_ip_on_launch": false,
            "owner_id": "804524942427",
            "tags": null,
            "timeouts": null,
            "vpc_id": "vpc-027232090e19b2586"
          },
          "depends_on": [
            "aws_vpc.VPC",
            "data.aws_availability_zones.AZ"
          ]
        }
      ]
    },
    {
      "mode": "managed",
      "type": "aws_subnet",
      "name": "PublicSubnetOne",
      "provider": "provider.aws",
      "instances": [
        {
          "schema_version": 1,
          "attributes": {
            "arn": "arn:aws:ec2:us-east-1:804524942427:subnet/subnet-093120505c4418dd8",
            "assign_ipv6_address_on_creation": false,
            "availability_zone": "us-east-1a",
            "availability_zone_id": "use1-az4",
            "cidr_block": "10.0.0.0/24",
            "id": "subnet-093120505c4418dd8",
            "ipv6_cidr_block": "",
            "ipv6_cidr_block_association_id": "",
            "map_public_ip_on_launch": true,
            "owner_id": "804524942427",
            "tags": null,
            "timeouts": null,
            "vpc_id": "vpc-027232090e19b2586"
          },
          "depends_on": [
            "aws_vpc.VPC",
            "data.aws_availability_zones.AZ"
          ]
        }
      ]
    },
    {
      "mode": "managed",
      "type": "aws_subnet",
      "name": "PublicSubnetTwo",
      "provider": "provider.aws",
      "instances": [
        {
          "schema_version": 1,
          "attributes": {
            "arn": "arn:aws:ec2:us-east-1:804524942427:subnet/subnet-049d2602117c67b1f",
            "assign_ipv6_address_on_creation": false,
            "availability_zone": "us-east-1b",
            "availability_zone_id": "use1-az6",
            "cidr_block": "10.0.1.0/24",
            "id": "subnet-049d2602117c67b1f",
            "ipv6_cidr_block": "",
            "ipv6_cidr_block_association_id": "",
            "map_public_ip_on_launch": true,
            "owner_id": "804524942427",
            "tags": null,
            "timeouts": null,
            "vpc_id": "vpc-027232090e19b2586"
          },
          "depends_on": [
            "aws_vpc.VPC",
            "data.aws_availability_zones.AZ"
          ]
        }
      ]
    },
    {
      "mode": "managed",
      "type": "aws_vpc",
      "name": "VPC",
      "provider": "provider.aws",
      "instances": [
        {
          "schema_version": 1,
          "attributes": {
            "arn": "arn:aws:ec2:us-east-1:804524942427:vpc/vpc-027232090e19b2586",
            "assign_generated_ipv6_cidr_block": false,
            "cidr_block": "10.0.0.0/16",
            "default_network_acl_id": "acl-087bdeaf261a1cf9e",
            "default_route_table_id": "rtb-0f580f06f3a9d3ae9",
            "default_security_group_id": "sg-0b085a876fa55982c",
            "dhcp_options_id": "dopt-c385f4b8",
            "enable_classiclink": false,
            "enable_classiclink_dns_support": false,
            "enable_dns_hostnames": true,
            "enable_dns_support": true,
            "id": "vpc-027232090e19b2586",
            "instance_tenancy": "default",
            "ipv6_association_id": "",
            "ipv6_cidr_block": "",
            "main_route_table_id": "rtb-0f580f06f3a9d3ae9",
            "owner_id": "804524942427",
            "tags": null
          }
        }
      ]
    },
    {
      "mode": "managed",
      "type": "aws_vpc_endpoint",
      "name": "DynamoDBEndpoint",
      "provider": "provider.aws",
      "instances": [
        {
          "schema_version": 0,
          "attributes": {
            "auto_accept": null,
            "cidr_blocks": [
              "52.94.0.0/22",
              "52.119.224.0/20"
            ],
            "dns_entry": [],
            "id": "vpce-02cc993637cbd7db1",
            "network_interface_ids": [],
            "policy": "{\"Id\":\"MyPolicy\",\"Statement\":[{\"Action\":\"*\",\"Effect\":\"Allow\",\"Principal\":\"*\",\"Resource\":\"*\"}],\"Version\":\"2012-10-17\"}",
            "prefix_list_id": "pl-02cd2c6b",
            "private_dns_enabled": false,
            "route_table_ids": [
              "rtb-0625796a0629ce887",
              "rtb-0aba95bc391433d51"
            ],
            "security_group_ids": [],
            "service_name": "com.amazonaws.us-east-1.dynamodb",
            "state": "available",
            "subnet_ids": [],
            "timeouts": null,
            "vpc_endpoint_type": "Gateway",
            "vpc_id": "vpc-027232090e19b2586"
          },
          "depends_on": [
            "aws_route_table.PrivateRouteTableOne",
            "aws_route_table.PrivateRouteTableTwo",
            "aws_vpc.VPC",
            "data.aws_region.AWSRegion"
          ]
        }
      ]
    }
  ]
}
